// !$*UTF8*$!
{
	archiveVersion = 1;
	classes = {
	};
	objectVersion = 46;
	objects = {

/* Begin PBXBuildFile section */
		0C87F392E1520756495CD280 /* libPods-HappyNiuniuProject.a in Frameworks */ = {isa = PBXBuildFile; fileRef = 1AE7086D64514544567D54CB /* libPods-HappyNiuniuProject.a */; };
		E011D1D61F4F0D0D007CD5AB /* MZLoginController.m in Sources */ = {isa = PBXBuildFile; fileRef = E011D1D41F4F0D0D007CD5AB /* MZLoginController.m */; };
		E011D1DA1F4F12CB007CD5AB /* MZNavgationController.m in Sources */ = {isa = PBXBuildFile; fileRef = E011D1D91F4F12CB007CD5AB /* MZNavgationController.m */; };
		E011D1DB1F4F187C007CD5AB /* MZBaseController.m in Sources */ = {isa = PBXBuildFile; fileRef = E011D1D11F4F0CF8007CD5AB /* MZBaseController.m */; };
		E011D1DF1F4FAD1A007CD5AB /* MZRegisterController.m in Sources */ = {isa = PBXBuildFile; fileRef = E011D1DD1F4FAD1A007CD5AB /* MZRegisterController.m */; };
		E011D1E41F4FCA7D007CD5AB /* MZForgetPasswordController.m in Sources */ = {isa = PBXBuildFile; fileRef = E011D1E21F4FCA7D007CD5AB /* MZForgetPasswordController.m */; };
		E011D1E51F4FCA7D007CD5AB /* MZForgetPasswordController.xib in Resources */ = {isa = PBXBuildFile; fileRef = E011D1E31F4FCA7D007CD5AB /* MZForgetPasswordController.xib */; };
		E011D1F71F4FEF14007CD5AB /* KDCheckTxt.m in Sources */ = {isa = PBXBuildFile; fileRef = E011D1F51F4FEF14007CD5AB /* KDCheckTxt.m */; };
		E011D1FF1F4FEF7D007CD5AB /* KDAlertView.m in Sources */ = {isa = PBXBuildFile; fileRef = E011D1FB1F4FEF7D007CD5AB /* KDAlertView.m */; };
		E011D2001F4FEF7D007CD5AB /* KDAnimation.m in Sources */ = {isa = PBXBuildFile; fileRef = E011D1FE1F4FEF7D007CD5AB /* KDAnimation.m */; };
		E011D20B1F500D19007CD5AB /* MZRoomCell.m in Sources */ = {isa = PBXBuildFile; fileRef = E011D2091F500D19007CD5AB /* MZRoomCell.m */; };
		E011D20C1F500D19007CD5AB /* MZRoomCell.xib in Resources */ = {isa = PBXBuildFile; fileRef = E011D20A1F500D19007CD5AB /* MZRoomCell.xib */; };
		E011D20F1F500F9E007CD5AB /* UIImage+Color.m in Sources */ = {isa = PBXBuildFile; fileRef = E011D20E1F500F9E007CD5AB /* UIImage+Color.m */; };
		E011D2121F50344C007CD5AB /* MZRoomListModel.m in Sources */ = {isa = PBXBuildFile; fileRef = E011D2111F50344C007CD5AB /* MZRoomListModel.m */; };
		E011D2161F5034C1007CD5AB /* MZRoomListCell.m in Sources */ = {isa = PBXBuildFile; fileRef = E011D2141F5034C1007CD5AB /* MZRoomListCell.m */; };
		E011D2171F5034C1007CD5AB /* MZRoomListCell.xib in Resources */ = {isa = PBXBuildFile; fileRef = E011D2151F5034C1007CD5AB /* MZRoomListCell.xib */; };
		E011D21B1F504797007CD5AB /* MZPlaygameController.m in Sources */ = {isa = PBXBuildFile; fileRef = E011D2191F504797007CD5AB /* MZPlaygameController.m */; };
		E011D2211F506288007CD5AB /* MZCountdownView.m in Sources */ = {isa = PBXBuildFile; fileRef = E011D2201F506288007CD5AB /* MZCountdownView.m */; };
		E011D2241F507559007CD5AB /* MZMultipleHog.m in Sources */ = {isa = PBXBuildFile; fileRef = E011D2231F507559007CD5AB /* MZMultipleHog.m */; };
		E011D2271F52AB29007CD5AB /* MZPlayerModel.m in Sources */ = {isa = PBXBuildFile; fileRef = E011D2261F52AB29007CD5AB /* MZPlayerModel.m */; };
		E011D22B1F53CC29007CD5AB /* KDJSON.m in Sources */ = {isa = PBXBuildFile; fileRef = E011D22A1F53CC29007CD5AB /* KDJSON.m */; };
		E011D22E1F544B60007CD5AB /* MZUserView.m in Sources */ = {isa = PBXBuildFile; fileRef = E011D22D1F544B5F007CD5AB /* MZUserView.m */; };
		E011D2311F545777007CD5AB /* MZOverlapView.m in Sources */ = {isa = PBXBuildFile; fileRef = E011D2301F545777007CD5AB /* MZOverlapView.m */; };
		E011D2341F546526007CD5AB /* MZSpreadView.m in Sources */ = {isa = PBXBuildFile; fileRef = E011D2331F546526007CD5AB /* MZSpreadView.m */; };
		E02F5CDE1F5BB86A009CA9FA /* MZRegisterController.xib in Resources */ = {isa = PBXBuildFile; fileRef = E02F5CE01F5BB86A009CA9FA /* MZRegisterController.xib */; };
		E02F5D121F5C3F77009CA9FA /* MZLoginController.xib in Resources */ = {isa = PBXBuildFile; fileRef = E02F5D111F5C3F77009CA9FA /* MZLoginController.xib */; };
		E06996521F4E62DF00CE9019 /* main.m in Sources */ = {isa = PBXBuildFile; fileRef = E06996511F4E62DF00CE9019 /* main.m */; };
		E06996551F4E62DF00CE9019 /* AppDelegate.m in Sources */ = {isa = PBXBuildFile; fileRef = E06996541F4E62DF00CE9019 /* AppDelegate.m */; };
		E069965D1F4E62DF00CE9019 /* Assets.xcassets in Resources */ = {isa = PBXBuildFile; fileRef = E069965C1F4E62DF00CE9019 /* Assets.xcassets */; };
		E06996601F4E62DF00CE9019 /* LaunchScreen.storyboard in Resources */ = {isa = PBXBuildFile; fileRef = E069965E1F4E62DF00CE9019 /* LaunchScreen.storyboard */; };
		E069966C1F4E6A2B00CE9019 /* AsyncSocket.m in Sources */ = {isa = PBXBuildFile; fileRef = E06996691F4E6A2B00CE9019 /* AsyncSocket.m */; settings = {COMPILER_FLAGS = "-fno-objc-arc"; }; };
		E069966D1F4E6A2B00CE9019 /* AsyncUdpSocket.m in Sources */ = {isa = PBXBuildFile; fileRef = E069966B1F4E6A2B00CE9019 /* AsyncUdpSocket.m */; settings = {COMPILER_FLAGS = "-fno-objc-arc"; }; };
		E06996701F4E6A9D00CE9019 /* CFNetwork.framework in Frameworks */ = {isa = PBXBuildFile; fileRef = E069966F1F4E6A9D00CE9019 /* CFNetwork.framework */; };
		E06996741F4E6C7700CE9019 /* MZNetRequest.m in Sources */ = {isa = PBXBuildFile; fileRef = E06996731F4E6C7700CE9019 /* MZNetRequest.m */; };
		E06996771F4E89DD00CE9019 /* MZNetworkRequest.m in Sources */ = {isa = PBXBuildFile; fileRef = E06996761F4E89DD00CE9019 /* MZNetworkRequest.m */; };
		E076B1361F4ED79D001055FE /* LGSocketServe.m in Sources */ = {isa = PBXBuildFile; fileRef = E076B1351F4ED79D001055FE /* LGSocketServe.m */; };
		E076B1391F4EEBD5001055FE /* Common.m in Sources */ = {isa = PBXBuildFile; fileRef = E076B1381F4EEBD5001055FE /* Common.m */; };
		E07E20481F55488C00C1E618 /* MZLobbySView.m in Sources */ = {isa = PBXBuildFile; fileRef = E07E20471F55488C00C1E618 /* MZLobbySView.m */; };
		E07E20591F56A72900C1E618 /* MZEnterGameRoomController.m in Sources */ = {isa = PBXBuildFile; fileRef = E07E20511F56A72900C1E618 /* MZEnterGameRoomController.m */; };
		E07E205A1F56A72900C1E618 /* MZEnterGameRoomController.xib in Resources */ = {isa = PBXBuildFile; fileRef = E07E20521F56A72900C1E618 /* MZEnterGameRoomController.xib */; };
		E07E205B1F56A72900C1E618 /* MZGameLobbyController.m in Sources */ = {isa = PBXBuildFile; fileRef = E07E20541F56A72900C1E618 /* MZGameLobbyController.m */; };
		E07E205C1F56A72900C1E618 /* MZGameLobbyController.xib in Resources */ = {isa = PBXBuildFile; fileRef = E07E20551F56A72900C1E618 /* MZGameLobbyController.xib */; };
		E07E205D1F56A72900C1E618 /* MZRoomListController.m in Sources */ = {isa = PBXBuildFile; fileRef = E07E20571F56A72900C1E618 /* MZRoomListController.m */; };
		E07E205E1F56A72900C1E618 /* MZRoomListController.xib in Resources */ = {isa = PBXBuildFile; fileRef = E07E20581F56A72900C1E618 /* MZRoomListController.xib */; };
		E07E20631F57B86400C1E618 /* MZForgetView.m in Sources */ = {isa = PBXBuildFile; fileRef = E07E20621F57B86400C1E618 /* MZForgetView.m */; };
		E07E20671F57FD6800C1E618 /* KBSMSBtn.m in Sources */ = {isa = PBXBuildFile; fileRef = E07E20661F57FD6800C1E618 /* KBSMSBtn.m */; };
		E07E206A1F58147200C1E618 /* MZcalculateNiuView.m in Sources */ = {isa = PBXBuildFile; fileRef = E07E20691F58147200C1E618 /* MZcalculateNiuView.m */; };
		E0971F451F5D3782003A39FC /* MZTextField.m in Sources */ = {isa = PBXBuildFile; fileRef = E0971F441F5D3782003A39FC /* MZTextField.m */; };
		E0971F491F5D3E89003A39FC /* MZLabel.m in Sources */ = {isa = PBXBuildFile; fileRef = E0971F481F5D3E89003A39FC /* MZLabel.m */; };
		E0971F8B1F5E8014003A39FC /* Localizable.strings in Resources */ = {isa = PBXBuildFile; fileRef = E0971F8D1F5E8014003A39FC /* Localizable.strings */; };
		E0971FA91F5EAAD0003A39FC /* InfoPlist.strings in Resources */ = {isa = PBXBuildFile; fileRef = E0971FAB1F5EAAD0003A39FC /* InfoPlist.strings */; };
		E0971FAF1F5ED0F8003A39FC /* NSBundle+MZLanguage.m in Sources */ = {isa = PBXBuildFile; fileRef = E0971FAE1F5ED0F8003A39FC /* NSBundle+MZLanguage.m */; };
		E0971FB31F5ED232003A39FC /* MZSettingController.m in Sources */ = {isa = PBXBuildFile; fileRef = E0971FB11F5ED232003A39FC /* MZSettingController.m */; };
		E0971FB41F5ED232003A39FC /* MZSettingController.xib in Resources */ = {isa = PBXBuildFile; fileRef = E0971FB21F5ED232003A39FC /* MZSettingController.xib */; };
		E0971FB71F5EDC72003A39FC /* MZlocalizableContoller.m in Sources */ = {isa = PBXBuildFile; fileRef = E0971FB61F5EDC72003A39FC /* MZlocalizableContoller.m */; };
		E0971FD81F5F7135003A39FC /* notice_en@2x.png in Resources */ = {isa = PBXBuildFile; fileRef = E0971FD21F5F7135003A39FC /* notice_en@2x.png */; };
		E0971FD91F5F7135003A39FC /* notice_en@3x.png in Resources */ = {isa = PBXBuildFile; fileRef = E0971FD31F5F7135003A39FC /* notice_en@3x.png */; };
		E0971FDA1F5F7135003A39FC /* playrule_en@2x.png in Resources */ = {isa = PBXBuildFile; fileRef = E0971FD41F5F7135003A39FC /* playrule_en@2x.png */; };
		E0971FDB1F5F7135003A39FC /* playrule_en@3x.png in Resources */ = {isa = PBXBuildFile; fileRef = E0971FD51F5F7135003A39FC /* playrule_en@3x.png */; };
		E0971FDC1F5F7135003A39FC /* set_en@2x.png in Resources */ = {isa = PBXBuildFile; fileRef = E0971FD61F5F7135003A39FC /* set_en@2x.png */; };
		E0971FDD1F5F7135003A39FC /* set_en@3x.png in Resources */ = {isa = PBXBuildFile; fileRef = E0971FD71F5F7135003A39FC /* set_en@3x.png */; };
		E0971FE41F5F7142003A39FC /* notice_zh@2x.png in Resources */ = {isa = PBXBuildFile; fileRef = E0971FDE1F5F7142003A39FC /* notice_zh@2x.png */; };
		E0971FE51F5F7142003A39FC /* notice_zh@3x.png in Resources */ = {isa = PBXBuildFile; fileRef = E0971FDF1F5F7142003A39FC /* notice_zh@3x.png */; };
		E0971FE61F5F7142003A39FC /* playrule_zh@2x.png in Resources */ = {isa = PBXBuildFile; fileRef = E0971FE01F5F7142003A39FC /* playrule_zh@2x.png */; };
		E0971FE71F5F7142003A39FC /* playrule_zh@3x.png in Resources */ = {isa = PBXBuildFile; fileRef = E0971FE11F5F7142003A39FC /* playrule_zh@3x.png */; };
		E0971FE81F5F7142003A39FC /* set_zh@2x.png in Resources */ = {isa = PBXBuildFile; fileRef = E0971FE21F5F7142003A39FC /* set_zh@2x.png */; };
		E0971FE91F5F7142003A39FC /* set_zh@3x.png in Resources */ = {isa = PBXBuildFile; fileRef = E0971FE31F5F7142003A39FC /* set_zh@3x.png */; };
		E0971FEC1F5F8EAE003A39FC /* MZBuyChips.m in Sources */ = {isa = PBXBuildFile; fileRef = E0971FEB1F5F8EAE003A39FC /* MZBuyChips.m */; };
		E09720471F6180B3003A39FC /* MZGameRoomLeftModel.m in Sources */ = {isa = PBXBuildFile; fileRef = E09720461F6180B3003A39FC /* MZGameRoomLeftModel.m */; };
		E09720961F627DF5003A39FC /* check_alarmClock@2x.png in Resources */ = {isa = PBXBuildFile; fileRef = E097206C1F627DF5003A39FC /* check_alarmClock@2x.png */; };
		E09720971F627DF5003A39FC /* check_alarmClock@3x.png in Resources */ = {isa = PBXBuildFile; fileRef = E097206D1F627DF5003A39FC /* check_alarmClock@3x.png */; };
		E09720981F627DF5003A39FC /* check_backLoggy@2x.png in Resources */ = {isa = PBXBuildFile; fileRef = E097206E1F627DF5003A39FC /* check_backLoggy@2x.png */; };
		E09720991F627DF5003A39FC /* check_backLoggy@3x.png in Resources */ = {isa = PBXBuildFile; fileRef = E097206F1F627DF5003A39FC /* check_backLoggy@3x.png */; };
		E097209A1F627DF5003A39FC /* check_boomHorizontal@2x.png in Resources */ = {isa = PBXBuildFile; fileRef = E09720701F627DF5003A39FC /* check_boomHorizontal@2x.png */; };
		E097209B1F627DF5003A39FC /* check_boomHorizontal@3x.png in Resources */ = {isa = PBXBuildFile; fileRef = E09720711F627DF5003A39FC /* check_boomHorizontal@3x.png */; };
		E097209C1F627DF5003A39FC /* check_boomVertical@2x.png in Resources */ = {isa = PBXBuildFile; fileRef = E09720721F627DF5003A39FC /* check_boomVertical@2x.png */; };
		E097209D1F627DF5003A39FC /* check_boomVertical@3x.png in Resources */ = {isa = PBXBuildFile; fileRef = E09720731F627DF5003A39FC /* check_boomVertical@3x.png */; };
		E097209E1F627DF5003A39FC /* check_bottomFrame@2x.png in Resources */ = {isa = PBXBuildFile; fileRef = E09720741F627DF5003A39FC /* check_bottomFrame@2x.png */; };
		E097209F1F627DF5003A39FC /* check_bottomFrame@3x.png in Resources */ = {isa = PBXBuildFile; fileRef = E09720751F627DF5003A39FC /* check_bottomFrame@3x.png */; };
		E09720A01F627DF5003A39FC /* check_bottomPouring@2x.png in Resources */ = {isa = PBXBuildFile; fileRef = E09720761F627DF5003A39FC /* check_bottomPouring@2x.png */; };
		E09720A11F627DF5003A39FC /* check_bottomPouring@3x.png in Resources */ = {isa = PBXBuildFile; fileRef = E09720771F627DF5003A39FC /* check_bottomPouring@3x.png */; };
		E09720A21F627DF5003A39FC /* check_desktopBac@2x.png in Resources */ = {isa = PBXBuildFile; fileRef = E09720781F627DF5003A39FC /* check_desktopBac@2x.png */; };
		E09720A31F627DF5003A39FC /* check_desktopBac@3x.png in Resources */ = {isa = PBXBuildFile; fileRef = E09720791F627DF5003A39FC /* check_desktopBac@3x.png */; };
		E09720A41F627DF5003A39FC /* check_double@2x.png in Resources */ = {isa = PBXBuildFile; fileRef = E097207A1F627DF5003A39FC /* check_double@2x.png */; };
		E09720A51F627DF5003A39FC /* check_double@3x.png in Resources */ = {isa = PBXBuildFile; fileRef = E097207B1F627DF5003A39FC /* check_double@3x.png */; };
		E09720A61F627DF5003A39FC /* check_niu1@2x.png in Resources */ = {isa = PBXBuildFile; fileRef = E097207C1F627DF5003A39FC /* check_niu1@2x.png */; };
		E09720A71F627DF5003A39FC /* check_niu1@3x.png in Resources */ = {isa = PBXBuildFile; fileRef = E097207D1F627DF5003A39FC /* check_niu1@3x.png */; };
		E09720A81F627DF5003A39FC /* check_niu2@2x.png in Resources */ = {isa = PBXBuildFile; fileRef = E097207E1F627DF5003A39FC /* check_niu2@2x.png */; };
		E09720A91F627DF5003A39FC /* check_niu2@3x.png in Resources */ = {isa = PBXBuildFile; fileRef = E097207F1F627DF5003A39FC /* check_niu2@3x.png */; };
		E09720AA1F627DF5003A39FC /* check_niu3@2x.png in Resources */ = {isa = PBXBuildFile; fileRef = E09720801F627DF5003A39FC /* check_niu3@2x.png */; };
		E09720AB1F627DF5003A39FC /* check_niu3@3x.png in Resources */ = {isa = PBXBuildFile; fileRef = E09720811F627DF5003A39FC /* check_niu3@3x.png */; };
		E09720AC1F627DF6003A39FC /* check_niu4@2x.png in Resources */ = {isa = PBXBuildFile; fileRef = E09720821F627DF5003A39FC /* check_niu4@2x.png */; };
		E09720AD1F627DF6003A39FC /* check_niu4@3x.png in Resources */ = {isa = PBXBuildFile; fileRef = E09720831F627DF5003A39FC /* check_niu4@3x.png */; };
		E09720AE1F627DF6003A39FC /* check_niu5@2x.png in Resources */ = {isa = PBXBuildFile; fileRef = E09720841F627DF5003A39FC /* check_niu5@2x.png */; };
		E09720AF1F627DF6003A39FC /* check_niu5@3x.png in Resources */ = {isa = PBXBuildFile; fileRef = E09720851F627DF5003A39FC /* check_niu5@3x.png */; };
		E09720B01F627DF6003A39FC /* check_niu6@2x.png in Resources */ = {isa = PBXBuildFile; fileRef = E09720861F627DF5003A39FC /* check_niu6@2x.png */; };
		E09720B11F627DF6003A39FC /* check_niu6@3x.png in Resources */ = {isa = PBXBuildFile; fileRef = E09720871F627DF5003A39FC /* check_niu6@3x.png */; };
		E09720B21F627DF6003A39FC /* check_niu7@2x.png in Resources */ = {isa = PBXBuildFile; fileRef = E09720881F627DF5003A39FC /* check_niu7@2x.png */; };
		E09720B31F627DF6003A39FC /* check_niu7@3x.png in Resources */ = {isa = PBXBuildFile; fileRef = E09720891F627DF5003A39FC /* check_niu7@3x.png */; };
		E09720B41F627DF6003A39FC /* check_niu8@2x.png in Resources */ = {isa = PBXBuildFile; fileRef = E097208A1F627DF5003A39FC /* check_niu8@2x.png */; };
		E09720B51F627DF6003A39FC /* check_niu8@3x.png in Resources */ = {isa = PBXBuildFile; fileRef = E097208B1F627DF5003A39FC /* check_niu8@3x.png */; };
		E09720B61F627DF6003A39FC /* check_niu9@2x.png in Resources */ = {isa = PBXBuildFile; fileRef = E097208C1F627DF5003A39FC /* check_niu9@2x.png */; };
		E09720B71F627DF6003A39FC /* check_niu9@3x.png in Resources */ = {isa = PBXBuildFile; fileRef = E097208D1F627DF5003A39FC /* check_niu9@3x.png */; };
		E09720B81F627DF6003A39FC /* check_niuniu@2x.png in Resources */ = {isa = PBXBuildFile; fileRef = E097208E1F627DF5003A39FC /* check_niuniu@2x.png */; };
		E09720B91F627DF6003A39FC /* check_niuniu@3x.png in Resources */ = {isa = PBXBuildFile; fileRef = E097208F1F627DF5003A39FC /* check_niuniu@3x.png */; };
		E09720BA1F627DF6003A39FC /* check_noteNiu@2x.png in Resources */ = {isa = PBXBuildFile; fileRef = E09720901F627DF5003A39FC /* check_noteNiu@2x.png */; };
		E09720BB1F627DF6003A39FC /* check_noteNiu@3x.png in Resources */ = {isa = PBXBuildFile; fileRef = E09720911F627DF5003A39FC /* check_noteNiu@3x.png */; };
		E09720BC1F627DF6003A39FC /* check_prepare@2x.png in Resources */ = {isa = PBXBuildFile; fileRef = E09720921F627DF5003A39FC /* check_prepare@2x.png */; };
		E09720BD1F627DF6003A39FC /* check_prepare@3x.png in Resources */ = {isa = PBXBuildFile; fileRef = E09720931F627DF5003A39FC /* check_prepare@3x.png */; };
		E097219D1F628DDF003A39FC /* check_bankerHeadImage@2x.png in Resources */ = {isa = PBXBuildFile; fileRef = E097219B1F628DDF003A39FC /* check_bankerHeadImage@2x.png */; };
		E097219E1F628DDF003A39FC /* check_bankerHeadImage@3x.png in Resources */ = {isa = PBXBuildFile; fileRef = E097219C1F628DDF003A39FC /* check_bankerHeadImage@3x.png */; };
		E09721A11F62BBBA003A39FC /* check_boomPourImage@2x.png in Resources */ = {isa = PBXBuildFile; fileRef = E097219F1F62BBBA003A39FC /* check_boomPourImage@2x.png */; };
		E09721A21F62BBBA003A39FC /* check_boomPourImage@3x.png in Resources */ = {isa = PBXBuildFile; fileRef = E09721A01F62BBBA003A39FC /* check_boomPourImage@3x.png */; };
		E09721A41F63F652003A39FC /* Security.framework in Frameworks */ = {isa = PBXBuildFile; fileRef = E09721A31F63F652003A39FC /* Security.framework */; };
		E09721A71F63F6BB003A39FC /* KeychainItemWrapper.m in Sources */ = {isa = PBXBuildFile; fileRef = E09721A61F63F6BB003A39FC /* KeychainItemWrapper.m */; settings = {COMPILER_FLAGS = "-fno-objc-arc"; }; };
		E09721AB1F64D134003A39FC /* MZNetWorkRequest.m in Sources */ = {isa = PBXBuildFile; fileRef = E09721AA1F64D134003A39FC /* MZNetWorkRequest.m */; };
		E09721AF1F6510B6003A39FC /* MZBalanceModel.m in Sources */ = {isa = PBXBuildFile; fileRef = E09721AE1F6510B6003A39FC /* MZBalanceModel.m */; };
		E09721B51F655B6A003A39FC /* GCDAsyncSocket.m in Sources */ = {isa = PBXBuildFile; fileRef = E09721B21F655B6A003A39FC /* GCDAsyncSocket.m */; };
		E09721B61F655B6A003A39FC /* GCDAsyncUdpSocket.m in Sources */ = {isa = PBXBuildFile; fileRef = E09721B41F655B6A003A39FC /* GCDAsyncUdpSocket.m */; };
		E09721B91F655F1D003A39FC /* MZGCDSocketManager.m in Sources */ = {isa = PBXBuildFile; fileRef = E09721B81F655F1D003A39FC /* MZGCDSocketManager.m */; };
		E09721C01F663E94003A39FC /* MZGameTypeModel.m in Sources */ = {isa = PBXBuildFile; fileRef = E09721BF1F663E94003A39FC /* MZGameTypeModel.m */; };
		E09721C31F66A89F003A39FC /* MZLoginModel.m in Sources */ = {isa = PBXBuildFile; fileRef = E09721C21F66A89F003A39FC /* MZLoginModel.m */; };
		E09721C61F66CAEC003A39FC /* MZSettingView.m in Sources */ = {isa = PBXBuildFile; fileRef = E09721C51F66CAEC003A39FC /* MZSettingView.m */; };
		E09721C91F66CB00003A39FC /* MZGameRuleView.m in Sources */ = {isa = PBXBuildFile; fileRef = E09721C81F66CB00003A39FC /* MZGameRuleView.m */; };
		E09721CC1F66CB11003A39FC /* MZMessageView.m in Sources */ = {isa = PBXBuildFile; fileRef = E09721CB1F66CB11003A39FC /* MZMessageView.m */; };
		E09721D01F678252003A39FC /* MZMessageCell.m in Sources */ = {isa = PBXBuildFile; fileRef = E09721CE1F678252003A39FC /* MZMessageCell.m */; };
		E09721D11F678252003A39FC /* MZMessageCell.xib in Resources */ = {isa = PBXBuildFile; fileRef = E09721CF1F678252003A39FC /* MZMessageCell.xib */; };
		E09721D41F6788EE003A39FC /* MZMessageModel.m in Sources */ = {isa = PBXBuildFile; fileRef = E09721D31F6788EE003A39FC /* MZMessageModel.m */; };
		E09721EF1F681610003A39FC /* ZJSwitch.m in Sources */ = {isa = PBXBuildFile; fileRef = E09721EE1F681610003A39FC /* ZJSwitch.m */; };
		E09721F71F691DC9003A39FC /* MZGameRuleModel.m in Sources */ = {isa = PBXBuildFile; fileRef = E09721F61F691DC9003A39FC /* MZGameRuleModel.m */; };
/* End PBXBuildFile section */

/* Begin PBXFileReference section */
		1AE7086D64514544567D54CB /* libPods-HappyNiuniuProject.a */ = {isa = PBXFileReference; explicitFileType = archive.ar; includeInIndex = 0; path = "libPods-HappyNiuniuProject.a"; sourceTree = BUILT_PRODUCTS_DIR; };
		1D27AC010885E5D05FB11A53 /* Pods-HappyNiuniuProject.debug.xcconfig */ = {isa = PBXFileReference; includeInIndex = 1; lastKnownFileType = text.xcconfig; name = "Pods-HappyNiuniuProject.debug.xcconfig"; path = "Pods/Target Support Files/Pods-HappyNiuniuProject/Pods-HappyNiuniuProject.debug.xcconfig"; sourceTree = "<group>"; };
		3D0D34EE214DF520276C125A /* Pods-HappyNiuniuProject.release.xcconfig */ = {isa = PBXFileReference; includeInIndex = 1; lastKnownFileType = text.xcconfig; name = "Pods-HappyNiuniuProject.release.xcconfig"; path = "Pods/Target Support Files/Pods-HappyNiuniuProject/Pods-HappyNiuniuProject.release.xcconfig"; sourceTree = "<group>"; };
		E011D1D01F4F0CF8007CD5AB /* MZBaseController.h */ = {isa = PBXFileReference; fileEncoding = 4; lastKnownFileType = sourcecode.c.h; path = MZBaseController.h; sourceTree = "<group>"; };
		E011D1D11F4F0CF8007CD5AB /* MZBaseController.m */ = {isa = PBXFileReference; fileEncoding = 4; lastKnownFileType = sourcecode.c.objc; path = MZBaseController.m; sourceTree = "<group>"; };
		E011D1D31F4F0D0C007CD5AB /* MZLoginController.h */ = {isa = PBXFileReference; fileEncoding = 4; lastKnownFileType = sourcecode.c.h; path = MZLoginController.h; sourceTree = "<group>"; };
		E011D1D41F4F0D0D007CD5AB /* MZLoginController.m */ = {isa = PBXFileReference; fileEncoding = 4; lastKnownFileType = sourcecode.c.objc; path = MZLoginController.m; sourceTree = "<group>"; };
		E011D1D81F4F12CB007CD5AB /* MZNavgationController.h */ = {isa = PBXFileReference; fileEncoding = 4; lastKnownFileType = sourcecode.c.h; path = MZNavgationController.h; sourceTree = "<group>"; };
		E011D1D91F4F12CB007CD5AB /* MZNavgationController.m */ = {isa = PBXFileReference; fileEncoding = 4; lastKnownFileType = sourcecode.c.objc; path = MZNavgationController.m; sourceTree = "<group>"; };
		E011D1DC1F4FAD1A007CD5AB /* MZRegisterController.h */ = {isa = PBXFileReference; fileEncoding = 4; lastKnownFileType = sourcecode.c.h; path = MZRegisterController.h; sourceTree = "<group>"; };
		E011D1DD1F4FAD1A007CD5AB /* MZRegisterController.m */ = {isa = PBXFileReference; fileEncoding = 4; lastKnownFileType = sourcecode.c.objc; path = MZRegisterController.m; sourceTree = "<group>"; };
		E011D1E11F4FCA7D007CD5AB /* MZForgetPasswordController.h */ = {isa = PBXFileReference; fileEncoding = 4; lastKnownFileType = sourcecode.c.h; path = MZForgetPasswordController.h; sourceTree = "<group>"; };
		E011D1E21F4FCA7D007CD5AB /* MZForgetPasswordController.m */ = {isa = PBXFileReference; fileEncoding = 4; lastKnownFileType = sourcecode.c.objc; path = MZForgetPasswordController.m; sourceTree = "<group>"; };
		E011D1E31F4FCA7D007CD5AB /* MZForgetPasswordController.xib */ = {isa = PBXFileReference; fileEncoding = 4; lastKnownFileType = file.xib; path = MZForgetPasswordController.xib; sourceTree = "<group>"; };
		E011D1F41F4FEF14007CD5AB /* KDCheckTxt.h */ = {isa = PBXFileReference; fileEncoding = 4; lastKnownFileType = sourcecode.c.h; path = KDCheckTxt.h; sourceTree = "<group>"; };
		E011D1F51F4FEF14007CD5AB /* KDCheckTxt.m */ = {isa = PBXFileReference; fileEncoding = 4; lastKnownFileType = sourcecode.c.objc; path = KDCheckTxt.m; sourceTree = "<group>"; };
		E011D1FA1F4FEF7D007CD5AB /* KDAlertView.h */ = {isa = PBXFileReference; fileEncoding = 4; lastKnownFileType = sourcecode.c.h; path = KDAlertView.h; sourceTree = "<group>"; };
		E011D1FB1F4FEF7D007CD5AB /* KDAlertView.m */ = {isa = PBXFileReference; fileEncoding = 4; lastKnownFileType = sourcecode.c.objc; path = KDAlertView.m; sourceTree = "<group>"; };
		E011D1FD1F4FEF7D007CD5AB /* KDAnimation.h */ = {isa = PBXFileReference; fileEncoding = 4; lastKnownFileType = sourcecode.c.h; path = KDAnimation.h; sourceTree = "<group>"; };
		E011D1FE1F4FEF7D007CD5AB /* KDAnimation.m */ = {isa = PBXFileReference; fileEncoding = 4; lastKnownFileType = sourcecode.c.objc; path = KDAnimation.m; sourceTree = "<group>"; };
		E011D2081F500D19007CD5AB /* MZRoomCell.h */ = {isa = PBXFileReference; fileEncoding = 4; lastKnownFileType = sourcecode.c.h; path = MZRoomCell.h; sourceTree = "<group>"; };
		E011D2091F500D19007CD5AB /* MZRoomCell.m */ = {isa = PBXFileReference; fileEncoding = 4; lastKnownFileType = sourcecode.c.objc; path = MZRoomCell.m; sourceTree = "<group>"; };
		E011D20A1F500D19007CD5AB /* MZRoomCell.xib */ = {isa = PBXFileReference; fileEncoding = 4; lastKnownFileType = file.xib; path = MZRoomCell.xib; sourceTree = "<group>"; };
		E011D20D1F500F9E007CD5AB /* UIImage+Color.h */ = {isa = PBXFileReference; fileEncoding = 4; lastKnownFileType = sourcecode.c.h; path = "UIImage+Color.h"; sourceTree = "<group>"; };
		E011D20E1F500F9E007CD5AB /* UIImage+Color.m */ = {isa = PBXFileReference; fileEncoding = 4; lastKnownFileType = sourcecode.c.objc; path = "UIImage+Color.m"; sourceTree = "<group>"; };
		E011D2101F50344C007CD5AB /* MZRoomListModel.h */ = {isa = PBXFileReference; fileEncoding = 4; lastKnownFileType = sourcecode.c.h; path = MZRoomListModel.h; sourceTree = "<group>"; };
		E011D2111F50344C007CD5AB /* MZRoomListModel.m */ = {isa = PBXFileReference; fileEncoding = 4; lastKnownFileType = sourcecode.c.objc; path = MZRoomListModel.m; sourceTree = "<group>"; };
		E011D2131F5034C1007CD5AB /* MZRoomListCell.h */ = {isa = PBXFileReference; fileEncoding = 4; lastKnownFileType = sourcecode.c.h; path = MZRoomListCell.h; sourceTree = "<group>"; };
		E011D2141F5034C1007CD5AB /* MZRoomListCell.m */ = {isa = PBXFileReference; fileEncoding = 4; lastKnownFileType = sourcecode.c.objc; path = MZRoomListCell.m; sourceTree = "<group>"; };
		E011D2151F5034C1007CD5AB /* MZRoomListCell.xib */ = {isa = PBXFileReference; fileEncoding = 4; lastKnownFileType = file.xib; path = MZRoomListCell.xib; sourceTree = "<group>"; };
		E011D2181F504797007CD5AB /* MZPlaygameController.h */ = {isa = PBXFileReference; fileEncoding = 4; lastKnownFileType = sourcecode.c.h; path = MZPlaygameController.h; sourceTree = "<group>"; };
		E011D2191F504797007CD5AB /* MZPlaygameController.m */ = {isa = PBXFileReference; fileEncoding = 4; lastKnownFileType = sourcecode.c.objc; path = MZPlaygameController.m; sourceTree = "<group>"; };
		E011D21F1F506288007CD5AB /* MZCountdownView.h */ = {isa = PBXFileReference; fileEncoding = 4; lastKnownFileType = sourcecode.c.h; path = MZCountdownView.h; sourceTree = "<group>"; };
		E011D2201F506288007CD5AB /* MZCountdownView.m */ = {isa = PBXFileReference; fileEncoding = 4; lastKnownFileType = sourcecode.c.objc; path = MZCountdownView.m; sourceTree = "<group>"; };
		E011D2221F507559007CD5AB /* MZMultipleHog.h */ = {isa = PBXFileReference; fileEncoding = 4; lastKnownFileType = sourcecode.c.h; path = MZMultipleHog.h; sourceTree = "<group>"; };
		E011D2231F507559007CD5AB /* MZMultipleHog.m */ = {isa = PBXFileReference; fileEncoding = 4; lastKnownFileType = sourcecode.c.objc; path = MZMultipleHog.m; sourceTree = "<group>"; };
		E011D2251F52AB29007CD5AB /* MZPlayerModel.h */ = {isa = PBXFileReference; fileEncoding = 4; lastKnownFileType = sourcecode.c.h; path = MZPlayerModel.h; sourceTree = "<group>"; };
		E011D2261F52AB29007CD5AB /* MZPlayerModel.m */ = {isa = PBXFileReference; fileEncoding = 4; lastKnownFileType = sourcecode.c.objc; path = MZPlayerModel.m; sourceTree = "<group>"; };
		E011D2291F53CC29007CD5AB /* KDJSON.h */ = {isa = PBXFileReference; fileEncoding = 4; lastKnownFileType = sourcecode.c.h; path = KDJSON.h; sourceTree = "<group>"; };
		E011D22A1F53CC29007CD5AB /* KDJSON.m */ = {isa = PBXFileReference; fileEncoding = 4; lastKnownFileType = sourcecode.c.objc; path = KDJSON.m; sourceTree = "<group>"; };
		E011D22C1F544B5F007CD5AB /* MZUserView.h */ = {isa = PBXFileReference; fileEncoding = 4; lastKnownFileType = sourcecode.c.h; path = MZUserView.h; sourceTree = "<group>"; };
		E011D22D1F544B5F007CD5AB /* MZUserView.m */ = {isa = PBXFileReference; fileEncoding = 4; lastKnownFileType = sourcecode.c.objc; path = MZUserView.m; sourceTree = "<group>"; };
		E011D22F1F545777007CD5AB /* MZOverlapView.h */ = {isa = PBXFileReference; fileEncoding = 4; lastKnownFileType = sourcecode.c.h; path = MZOverlapView.h; sourceTree = "<group>"; };
		E011D2301F545777007CD5AB /* MZOverlapView.m */ = {isa = PBXFileReference; fileEncoding = 4; lastKnownFileType = sourcecode.c.objc; path = MZOverlapView.m; sourceTree = "<group>"; };
		E011D2321F546526007CD5AB /* MZSpreadView.h */ = {isa = PBXFileReference; fileEncoding = 4; lastKnownFileType = sourcecode.c.h; path = MZSpreadView.h; sourceTree = "<group>"; };
		E011D2331F546526007CD5AB /* MZSpreadView.m */ = {isa = PBXFileReference; fileEncoding = 4; lastKnownFileType = sourcecode.c.objc; path = MZSpreadView.m; sourceTree = "<group>"; };
		E02F5CCF1F5BAAAC009CA9FA /* zh-Hans */ = {isa = PBXFileReference; lastKnownFileType = text.plist.strings; name = "zh-Hans"; path = "zh-Hans.lproj/LaunchScreen.strings"; sourceTree = "<group>"; };
		E02F5CDF1F5BB86A009CA9FA /* Base */ = {isa = PBXFileReference; lastKnownFileType = file.xib; name = Base; path = Base.lproj/MZRegisterController.xib; sourceTree = "<group>"; };
		E02F5D111F5C3F77009CA9FA /* MZLoginController.xib */ = {isa = PBXFileReference; fileEncoding = 4; lastKnownFileType = file.xib; path = MZLoginController.xib; sourceTree = "<group>"; };
		E069964D1F4E62DF00CE9019 /* HappyNiuniuProject.app */ = {isa = PBXFileReference; explicitFileType = wrapper.application; includeInIndex = 0; path = HappyNiuniuProject.app; sourceTree = BUILT_PRODUCTS_DIR; };
		E06996511F4E62DF00CE9019 /* main.m */ = {isa = PBXFileReference; lastKnownFileType = sourcecode.c.objc; path = main.m; sourceTree = "<group>"; };
		E06996531F4E62DF00CE9019 /* AppDelegate.h */ = {isa = PBXFileReference; lastKnownFileType = sourcecode.c.h; path = AppDelegate.h; sourceTree = "<group>"; };
		E06996541F4E62DF00CE9019 /* AppDelegate.m */ = {isa = PBXFileReference; lastKnownFileType = sourcecode.c.objc; path = AppDelegate.m; sourceTree = "<group>"; };
		E069965C1F4E62DF00CE9019 /* Assets.xcassets */ = {isa = PBXFileReference; lastKnownFileType = folder.assetcatalog; path = Assets.xcassets; sourceTree = "<group>"; };
		E069965F1F4E62DF00CE9019 /* Base */ = {isa = PBXFileReference; lastKnownFileType = file.storyboard; name = Base; path = Base.lproj/LaunchScreen.storyboard; sourceTree = "<group>"; };
		E06996611F4E62DF00CE9019 /* Info.plist */ = {isa = PBXFileReference; lastKnownFileType = text.plist.xml; path = Info.plist; sourceTree = "<group>"; };
		E06996681F4E6A2B00CE9019 /* AsyncSocket.h */ = {isa = PBXFileReference; fileEncoding = 4; lastKnownFileType = sourcecode.c.h; path = AsyncSocket.h; sourceTree = "<group>"; };
		E06996691F4E6A2B00CE9019 /* AsyncSocket.m */ = {isa = PBXFileReference; fileEncoding = 4; lastKnownFileType = sourcecode.c.objc; path = AsyncSocket.m; sourceTree = "<group>"; };
		E069966A1F4E6A2B00CE9019 /* AsyncUdpSocket.h */ = {isa = PBXFileReference; fileEncoding = 4; lastKnownFileType = sourcecode.c.h; path = AsyncUdpSocket.h; sourceTree = "<group>"; };
		E069966B1F4E6A2B00CE9019 /* AsyncUdpSocket.m */ = {isa = PBXFileReference; fileEncoding = 4; lastKnownFileType = sourcecode.c.objc; path = AsyncUdpSocket.m; sourceTree = "<group>"; };
		E069966F1F4E6A9D00CE9019 /* CFNetwork.framework */ = {isa = PBXFileReference; lastKnownFileType = wrapper.framework; name = CFNetwork.framework; path = System/Library/Frameworks/CFNetwork.framework; sourceTree = SDKROOT; };
		E06996721F4E6C7700CE9019 /* MZNetRequest.h */ = {isa = PBXFileReference; fileEncoding = 4; lastKnownFileType = sourcecode.c.h; path = MZNetRequest.h; sourceTree = "<group>"; };
		E06996731F4E6C7700CE9019 /* MZNetRequest.m */ = {isa = PBXFileReference; fileEncoding = 4; lastKnownFileType = sourcecode.c.objc; path = MZNetRequest.m; sourceTree = "<group>"; };
		E06996751F4E89DD00CE9019 /* MZNetworkRequest.h */ = {isa = PBXFileReference; fileEncoding = 4; lastKnownFileType = sourcecode.c.h; path = MZNetworkRequest.h; sourceTree = "<group>"; };
		E06996761F4E89DD00CE9019 /* MZNetworkRequest.m */ = {isa = PBXFileReference; fileEncoding = 4; lastKnownFileType = sourcecode.c.objc; path = MZNetworkRequest.m; sourceTree = "<group>"; };
		E076B1341F4ED79D001055FE /* LGSocketServe.h */ = {isa = PBXFileReference; fileEncoding = 4; lastKnownFileType = sourcecode.c.h; path = LGSocketServe.h; sourceTree = "<group>"; };
		E076B1351F4ED79D001055FE /* LGSocketServe.m */ = {isa = PBXFileReference; fileEncoding = 4; lastKnownFileType = sourcecode.c.objc; path = LGSocketServe.m; sourceTree = "<group>"; };
		E076B1371F4EEBD5001055FE /* Common.h */ = {isa = PBXFileReference; fileEncoding = 4; lastKnownFileType = sourcecode.c.h; path = Common.h; sourceTree = "<group>"; };
		E076B1381F4EEBD5001055FE /* Common.m */ = {isa = PBXFileReference; fileEncoding = 4; lastKnownFileType = sourcecode.c.objc; path = Common.m; sourceTree = "<group>"; };
		E076B13A1F4EEBF2001055FE /* Header.h */ = {isa = PBXFileReference; lastKnownFileType = sourcecode.c.h; path = Header.h; sourceTree = "<group>"; };
		E076B13B1F4EEC33001055FE /* PrefixHeader.pch */ = {isa = PBXFileReference; lastKnownFileType = sourcecode.c.h; path = PrefixHeader.pch; sourceTree = "<group>"; };
		E07E20461F55488C00C1E618 /* MZLobbySView.h */ = {isa = PBXFileReference; fileEncoding = 4; lastKnownFileType = sourcecode.c.h; path = MZLobbySView.h; sourceTree = "<group>"; };
		E07E20471F55488C00C1E618 /* MZLobbySView.m */ = {isa = PBXFileReference; fileEncoding = 4; lastKnownFileType = sourcecode.c.objc; path = MZLobbySView.m; sourceTree = "<group>"; };
		E07E20501F56A72900C1E618 /* MZEnterGameRoomController.h */ = {isa = PBXFileReference; fileEncoding = 4; lastKnownFileType = sourcecode.c.h; path = MZEnterGameRoomController.h; sourceTree = "<group>"; };
		E07E20511F56A72900C1E618 /* MZEnterGameRoomController.m */ = {isa = PBXFileReference; fileEncoding = 4; lastKnownFileType = sourcecode.c.objc; path = MZEnterGameRoomController.m; sourceTree = "<group>"; };
		E07E20521F56A72900C1E618 /* MZEnterGameRoomController.xib */ = {isa = PBXFileReference; fileEncoding = 4; lastKnownFileType = file.xib; path = MZEnterGameRoomController.xib; sourceTree = "<group>"; };
		E07E20531F56A72900C1E618 /* MZGameLobbyController.h */ = {isa = PBXFileReference; fileEncoding = 4; lastKnownFileType = sourcecode.c.h; path = MZGameLobbyController.h; sourceTree = "<group>"; };
		E07E20541F56A72900C1E618 /* MZGameLobbyController.m */ = {isa = PBXFileReference; fileEncoding = 4; lastKnownFileType = sourcecode.c.objc; path = MZGameLobbyController.m; sourceTree = "<group>"; };
		E07E20551F56A72900C1E618 /* MZGameLobbyController.xib */ = {isa = PBXFileReference; fileEncoding = 4; lastKnownFileType = file.xib; path = MZGameLobbyController.xib; sourceTree = "<group>"; };
		E07E20561F56A72900C1E618 /* MZRoomListController.h */ = {isa = PBXFileReference; fileEncoding = 4; lastKnownFileType = sourcecode.c.h; path = MZRoomListController.h; sourceTree = "<group>"; };
		E07E20571F56A72900C1E618 /* MZRoomListController.m */ = {isa = PBXFileReference; fileEncoding = 4; lastKnownFileType = sourcecode.c.objc; path = MZRoomListController.m; sourceTree = "<group>"; };
		E07E20581F56A72900C1E618 /* MZRoomListController.xib */ = {isa = PBXFileReference; fileEncoding = 4; lastKnownFileType = file.xib; path = MZRoomListController.xib; sourceTree = "<group>"; };
		E07E20611F57B86400C1E618 /* MZForgetView.h */ = {isa = PBXFileReference; fileEncoding = 4; lastKnownFileType = sourcecode.c.h; path = MZForgetView.h; sourceTree = "<group>"; };
		E07E20621F57B86400C1E618 /* MZForgetView.m */ = {isa = PBXFileReference; fileEncoding = 4; lastKnownFileType = sourcecode.c.objc; path = MZForgetView.m; sourceTree = "<group>"; };
		E07E20651F57FD6800C1E618 /* KBSMSBtn.h */ = {isa = PBXFileReference; fileEncoding = 4; lastKnownFileType = sourcecode.c.h; path = KBSMSBtn.h; sourceTree = "<group>"; };
		E07E20661F57FD6800C1E618 /* KBSMSBtn.m */ = {isa = PBXFileReference; fileEncoding = 4; lastKnownFileType = sourcecode.c.objc; path = KBSMSBtn.m; sourceTree = "<group>"; };
		E07E20681F58147200C1E618 /* MZcalculateNiuView.h */ = {isa = PBXFileReference; fileEncoding = 4; lastKnownFileType = sourcecode.c.h; path = MZcalculateNiuView.h; sourceTree = "<group>"; };
		E07E20691F58147200C1E618 /* MZcalculateNiuView.m */ = {isa = PBXFileReference; fileEncoding = 4; lastKnownFileType = sourcecode.c.objc; path = MZcalculateNiuView.m; sourceTree = "<group>"; };
		E0971F431F5D3782003A39FC /* MZTextField.h */ = {isa = PBXFileReference; fileEncoding = 4; lastKnownFileType = sourcecode.c.h; path = MZTextField.h; sourceTree = "<group>"; };
		E0971F441F5D3782003A39FC /* MZTextField.m */ = {isa = PBXFileReference; fileEncoding = 4; lastKnownFileType = sourcecode.c.objc; path = MZTextField.m; sourceTree = "<group>"; };
		E0971F471F5D3E89003A39FC /* MZLabel.h */ = {isa = PBXFileReference; fileEncoding = 4; lastKnownFileType = sourcecode.c.h; path = MZLabel.h; sourceTree = "<group>"; };
		E0971F481F5D3E89003A39FC /* MZLabel.m */ = {isa = PBXFileReference; fileEncoding = 4; lastKnownFileType = sourcecode.c.objc; path = MZLabel.m; sourceTree = "<group>"; };
		E0971F8C1F5E8014003A39FC /* en */ = {isa = PBXFileReference; lastKnownFileType = text.plist.strings; name = en; path = en.lproj/Localizable.strings; sourceTree = "<group>"; };
		E0971F8E1F5E8017003A39FC /* zh-Hans */ = {isa = PBXFileReference; lastKnownFileType = text.plist.strings; name = "zh-Hans"; path = "zh-Hans.lproj/Localizable.strings"; sourceTree = "<group>"; };
		E0971FAA1F5EAAD0003A39FC /* en */ = {isa = PBXFileReference; lastKnownFileType = text.plist.strings; name = en; path = en.lproj/InfoPlist.strings; sourceTree = "<group>"; };
		E0971FAC1F5EAAD1003A39FC /* zh-Hans */ = {isa = PBXFileReference; lastKnownFileType = text.plist.strings; name = "zh-Hans"; path = "zh-Hans.lproj/InfoPlist.strings"; sourceTree = "<group>"; };
		E0971FAD1F5ED0F8003A39FC /* NSBundle+MZLanguage.h */ = {isa = PBXFileReference; fileEncoding = 4; lastKnownFileType = sourcecode.c.h; path = "NSBundle+MZLanguage.h"; sourceTree = "<group>"; };
		E0971FAE1F5ED0F8003A39FC /* NSBundle+MZLanguage.m */ = {isa = PBXFileReference; fileEncoding = 4; lastKnownFileType = sourcecode.c.objc; path = "NSBundle+MZLanguage.m"; sourceTree = "<group>"; };
		E0971FB01F5ED232003A39FC /* MZSettingController.h */ = {isa = PBXFileReference; fileEncoding = 4; lastKnownFileType = sourcecode.c.h; path = MZSettingController.h; sourceTree = "<group>"; };
		E0971FB11F5ED232003A39FC /* MZSettingController.m */ = {isa = PBXFileReference; fileEncoding = 4; lastKnownFileType = sourcecode.c.objc; path = MZSettingController.m; sourceTree = "<group>"; };
		E0971FB21F5ED232003A39FC /* MZSettingController.xib */ = {isa = PBXFileReference; fileEncoding = 4; lastKnownFileType = file.xib; path = MZSettingController.xib; sourceTree = "<group>"; };
		E0971FB51F5EDC72003A39FC /* MZlocalizableContoller.h */ = {isa = PBXFileReference; fileEncoding = 4; lastKnownFileType = sourcecode.c.h; path = MZlocalizableContoller.h; sourceTree = "<group>"; };
		E0971FB61F5EDC72003A39FC /* MZlocalizableContoller.m */ = {isa = PBXFileReference; fileEncoding = 4; lastKnownFileType = sourcecode.c.objc; path = MZlocalizableContoller.m; sourceTree = "<group>"; };
		E0971FD21F5F7135003A39FC /* notice_en@2x.png */ = {isa = PBXFileReference; lastKnownFileType = image.png; path = "notice_en@2x.png"; sourceTree = "<group>"; };
		E0971FD31F5F7135003A39FC /* notice_en@3x.png */ = {isa = PBXFileReference; lastKnownFileType = image.png; path = "notice_en@3x.png"; sourceTree = "<group>"; };
		E0971FD41F5F7135003A39FC /* playrule_en@2x.png */ = {isa = PBXFileReference; lastKnownFileType = image.png; path = "playrule_en@2x.png"; sourceTree = "<group>"; };
		E0971FD51F5F7135003A39FC /* playrule_en@3x.png */ = {isa = PBXFileReference; lastKnownFileType = image.png; path = "playrule_en@3x.png"; sourceTree = "<group>"; };
		E0971FD61F5F7135003A39FC /* set_en@2x.png */ = {isa = PBXFileReference; lastKnownFileType = image.png; path = "set_en@2x.png"; sourceTree = "<group>"; };
		E0971FD71F5F7135003A39FC /* set_en@3x.png */ = {isa = PBXFileReference; lastKnownFileType = image.png; path = "set_en@3x.png"; sourceTree = "<group>"; };
		E0971FDE1F5F7142003A39FC /* notice_zh@2x.png */ = {isa = PBXFileReference; lastKnownFileType = image.png; path = "notice_zh@2x.png"; sourceTree = "<group>"; };
		E0971FDF1F5F7142003A39FC /* notice_zh@3x.png */ = {isa = PBXFileReference; lastKnownFileType = image.png; path = "notice_zh@3x.png"; sourceTree = "<group>"; };
		E0971FE01F5F7142003A39FC /* playrule_zh@2x.png */ = {isa = PBXFileReference; lastKnownFileType = image.png; path = "playrule_zh@2x.png"; sourceTree = "<group>"; };
		E0971FE11F5F7142003A39FC /* playrule_zh@3x.png */ = {isa = PBXFileReference; lastKnownFileType = image.png; path = "playrule_zh@3x.png"; sourceTree = "<group>"; };
		E0971FE21F5F7142003A39FC /* set_zh@2x.png */ = {isa = PBXFileReference; lastKnownFileType = image.png; path = "set_zh@2x.png"; sourceTree = "<group>"; };
		E0971FE31F5F7142003A39FC /* set_zh@3x.png */ = {isa = PBXFileReference; lastKnownFileType = image.png; path = "set_zh@3x.png"; sourceTree = "<group>"; };
		E0971FEA1F5F8EAE003A39FC /* MZBuyChips.h */ = {isa = PBXFileReference; fileEncoding = 4; lastKnownFileType = sourcecode.c.h; path = MZBuyChips.h; sourceTree = "<group>"; };
		E0971FEB1F5F8EAE003A39FC /* MZBuyChips.m */ = {isa = PBXFileReference; fileEncoding = 4; lastKnownFileType = sourcecode.c.objc; path = MZBuyChips.m; sourceTree = "<group>"; };
		E09720451F6180B3003A39FC /* MZGameRoomLeftModel.h */ = {isa = PBXFileReference; fileEncoding = 4; lastKnownFileType = sourcecode.c.h; path = MZGameRoomLeftModel.h; sourceTree = "<group>"; };
		E09720461F6180B3003A39FC /* MZGameRoomLeftModel.m */ = {isa = PBXFileReference; fileEncoding = 4; lastKnownFileType = sourcecode.c.objc; path = MZGameRoomLeftModel.m; sourceTree = "<group>"; };
		E097206C1F627DF5003A39FC /* check_alarmClock@2x.png */ = {isa = PBXFileReference; lastKnownFileType = image.png; path = "check_alarmClock@2x.png"; sourceTree = "<group>"; };
		E097206D1F627DF5003A39FC /* check_alarmClock@3x.png */ = {isa = PBXFileReference; lastKnownFileType = image.png; path = "check_alarmClock@3x.png"; sourceTree = "<group>"; };
		E097206E1F627DF5003A39FC /* check_backLoggy@2x.png */ = {isa = PBXFileReference; lastKnownFileType = image.png; path = "check_backLoggy@2x.png"; sourceTree = "<group>"; };
		E097206F1F627DF5003A39FC /* check_backLoggy@3x.png */ = {isa = PBXFileReference; lastKnownFileType = image.png; path = "check_backLoggy@3x.png"; sourceTree = "<group>"; };
		E09720701F627DF5003A39FC /* check_boomHorizontal@2x.png */ = {isa = PBXFileReference; lastKnownFileType = image.png; path = "check_boomHorizontal@2x.png"; sourceTree = "<group>"; };
		E09720711F627DF5003A39FC /* check_boomHorizontal@3x.png */ = {isa = PBXFileReference; lastKnownFileType = image.png; path = "check_boomHorizontal@3x.png"; sourceTree = "<group>"; };
		E09720721F627DF5003A39FC /* check_boomVertical@2x.png */ = {isa = PBXFileReference; lastKnownFileType = image.png; path = "check_boomVertical@2x.png"; sourceTree = "<group>"; };
		E09720731F627DF5003A39FC /* check_boomVertical@3x.png */ = {isa = PBXFileReference; lastKnownFileType = image.png; path = "check_boomVertical@3x.png"; sourceTree = "<group>"; };
		E09720741F627DF5003A39FC /* check_bottomFrame@2x.png */ = {isa = PBXFileReference; lastKnownFileType = image.png; path = "check_bottomFrame@2x.png"; sourceTree = "<group>"; };
		E09720751F627DF5003A39FC /* check_bottomFrame@3x.png */ = {isa = PBXFileReference; lastKnownFileType = image.png; path = "check_bottomFrame@3x.png"; sourceTree = "<group>"; };
		E09720761F627DF5003A39FC /* check_bottomPouring@2x.png */ = {isa = PBXFileReference; lastKnownFileType = image.png; path = "check_bottomPouring@2x.png"; sourceTree = "<group>"; };
		E09720771F627DF5003A39FC /* check_bottomPouring@3x.png */ = {isa = PBXFileReference; lastKnownFileType = image.png; path = "check_bottomPouring@3x.png"; sourceTree = "<group>"; };
		E09720781F627DF5003A39FC /* check_desktopBac@2x.png */ = {isa = PBXFileReference; lastKnownFileType = image.png; path = "check_desktopBac@2x.png"; sourceTree = "<group>"; };
		E09720791F627DF5003A39FC /* check_desktopBac@3x.png */ = {isa = PBXFileReference; lastKnownFileType = image.png; path = "check_desktopBac@3x.png"; sourceTree = "<group>"; };
		E097207A1F627DF5003A39FC /* check_double@2x.png */ = {isa = PBXFileReference; lastKnownFileType = image.png; path = "check_double@2x.png"; sourceTree = "<group>"; };
		E097207B1F627DF5003A39FC /* check_double@3x.png */ = {isa = PBXFileReference; lastKnownFileType = image.png; path = "check_double@3x.png"; sourceTree = "<group>"; };
		E097207C1F627DF5003A39FC /* check_niu1@2x.png */ = {isa = PBXFileReference; lastKnownFileType = image.png; path = "check_niu1@2x.png"; sourceTree = "<group>"; };
		E097207D1F627DF5003A39FC /* check_niu1@3x.png */ = {isa = PBXFileReference; lastKnownFileType = image.png; path = "check_niu1@3x.png"; sourceTree = "<group>"; };
		E097207E1F627DF5003A39FC /* check_niu2@2x.png */ = {isa = PBXFileReference; lastKnownFileType = image.png; path = "check_niu2@2x.png"; sourceTree = "<group>"; };
		E097207F1F627DF5003A39FC /* check_niu2@3x.png */ = {isa = PBXFileReference; lastKnownFileType = image.png; path = "check_niu2@3x.png"; sourceTree = "<group>"; };
		E09720801F627DF5003A39FC /* check_niu3@2x.png */ = {isa = PBXFileReference; lastKnownFileType = image.png; path = "check_niu3@2x.png"; sourceTree = "<group>"; };
		E09720811F627DF5003A39FC /* check_niu3@3x.png */ = {isa = PBXFileReference; lastKnownFileType = image.png; path = "check_niu3@3x.png"; sourceTree = "<group>"; };
		E09720821F627DF5003A39FC /* check_niu4@2x.png */ = {isa = PBXFileReference; lastKnownFileType = image.png; path = "check_niu4@2x.png"; sourceTree = "<group>"; };
		E09720831F627DF5003A39FC /* check_niu4@3x.png */ = {isa = PBXFileReference; lastKnownFileType = image.png; path = "check_niu4@3x.png"; sourceTree = "<group>"; };
		E09720841F627DF5003A39FC /* check_niu5@2x.png */ = {isa = PBXFileReference; lastKnownFileType = image.png; path = "check_niu5@2x.png"; sourceTree = "<group>"; };
		E09720851F627DF5003A39FC /* check_niu5@3x.png */ = {isa = PBXFileReference; lastKnownFileType = image.png; path = "check_niu5@3x.png"; sourceTree = "<group>"; };
		E09720861F627DF5003A39FC /* check_niu6@2x.png */ = {isa = PBXFileReference; lastKnownFileType = image.png; path = "check_niu6@2x.png"; sourceTree = "<group>"; };
		E09720871F627DF5003A39FC /* check_niu6@3x.png */ = {isa = PBXFileReference; lastKnownFileType = image.png; path = "check_niu6@3x.png"; sourceTree = "<group>"; };
		E09720881F627DF5003A39FC /* check_niu7@2x.png */ = {isa = PBXFileReference; lastKnownFileType = image.png; path = "check_niu7@2x.png"; sourceTree = "<group>"; };
		E09720891F627DF5003A39FC /* check_niu7@3x.png */ = {isa = PBXFileReference; lastKnownFileType = image.png; path = "check_niu7@3x.png"; sourceTree = "<group>"; };
		E097208A1F627DF5003A39FC /* check_niu8@2x.png */ = {isa = PBXFileReference; lastKnownFileType = image.png; path = "check_niu8@2x.png"; sourceTree = "<group>"; };
		E097208B1F627DF5003A39FC /* check_niu8@3x.png */ = {isa = PBXFileReference; lastKnownFileType = image.png; path = "check_niu8@3x.png"; sourceTree = "<group>"; };
		E097208C1F627DF5003A39FC /* check_niu9@2x.png */ = {isa = PBXFileReference; lastKnownFileType = image.png; path = "check_niu9@2x.png"; sourceTree = "<group>"; };
		E097208D1F627DF5003A39FC /* check_niu9@3x.png */ = {isa = PBXFileReference; lastKnownFileType = image.png; path = "check_niu9@3x.png"; sourceTree = "<group>"; };
		E097208E1F627DF5003A39FC /* check_niuniu@2x.png */ = {isa = PBXFileReference; lastKnownFileType = image.png; path = "check_niuniu@2x.png"; sourceTree = "<group>"; };
		E097208F1F627DF5003A39FC /* check_niuniu@3x.png */ = {isa = PBXFileReference; lastKnownFileType = image.png; path = "check_niuniu@3x.png"; sourceTree = "<group>"; };
		E09720901F627DF5003A39FC /* check_noteNiu@2x.png */ = {isa = PBXFileReference; lastKnownFileType = image.png; path = "check_noteNiu@2x.png"; sourceTree = "<group>"; };
		E09720911F627DF5003A39FC /* check_noteNiu@3x.png */ = {isa = PBXFileReference; lastKnownFileType = image.png; path = "check_noteNiu@3x.png"; sourceTree = "<group>"; };
		E09720921F627DF5003A39FC /* check_prepare@2x.png */ = {isa = PBXFileReference; lastKnownFileType = image.png; path = "check_prepare@2x.png"; sourceTree = "<group>"; };
		E09720931F627DF5003A39FC /* check_prepare@3x.png */ = {isa = PBXFileReference; lastKnownFileType = image.png; path = "check_prepare@3x.png"; sourceTree = "<group>"; };
		E097219B1F628DDF003A39FC /* check_bankerHeadImage@2x.png */ = {isa = PBXFileReference; lastKnownFileType = image.png; path = "check_bankerHeadImage@2x.png"; sourceTree = "<group>"; };
		E097219C1F628DDF003A39FC /* check_bankerHeadImage@3x.png */ = {isa = PBXFileReference; lastKnownFileType = image.png; path = "check_bankerHeadImage@3x.png"; sourceTree = "<group>"; };
		E097219F1F62BBBA003A39FC /* check_boomPourImage@2x.png */ = {isa = PBXFileReference; lastKnownFileType = image.png; path = "check_boomPourImage@2x.png"; sourceTree = "<group>"; };
		E09721A01F62BBBA003A39FC /* check_boomPourImage@3x.png */ = {isa = PBXFileReference; lastKnownFileType = image.png; path = "check_boomPourImage@3x.png"; sourceTree = "<group>"; };
		E09721A31F63F652003A39FC /* Security.framework */ = {isa = PBXFileReference; lastKnownFileType = wrapper.framework; name = Security.framework; path = System/Library/Frameworks/Security.framework; sourceTree = SDKROOT; };
		E09721A51F63F6BB003A39FC /* KeychainItemWrapper.h */ = {isa = PBXFileReference; fileEncoding = 4; lastKnownFileType = sourcecode.c.h; path = KeychainItemWrapper.h; sourceTree = "<group>"; };
		E09721A61F63F6BB003A39FC /* KeychainItemWrapper.m */ = {isa = PBXFileReference; fileEncoding = 4; lastKnownFileType = sourcecode.c.objc; path = KeychainItemWrapper.m; sourceTree = "<group>"; };
		E09721A91F64D134003A39FC /* MZNetWorkRequest.h */ = {isa = PBXFileReference; fileEncoding = 4; lastKnownFileType = sourcecode.c.h; path = MZNetWorkRequest.h; sourceTree = "<group>"; };
		E09721AA1F64D134003A39FC /* MZNetWorkRequest.m */ = {isa = PBXFileReference; fileEncoding = 4; lastKnownFileType = sourcecode.c.objc; path = MZNetWorkRequest.m; sourceTree = "<group>"; };
		E09721AD1F6510B6003A39FC /* MZBalanceModel.h */ = {isa = PBXFileReference; fileEncoding = 4; lastKnownFileType = sourcecode.c.h; path = MZBalanceModel.h; sourceTree = "<group>"; };
		E09721AE1F6510B6003A39FC /* MZBalanceModel.m */ = {isa = PBXFileReference; fileEncoding = 4; lastKnownFileType = sourcecode.c.objc; path = MZBalanceModel.m; sourceTree = "<group>"; };
		E09721B11F655B6A003A39FC /* GCDAsyncSocket.h */ = {isa = PBXFileReference; fileEncoding = 4; lastKnownFileType = sourcecode.c.h; path = GCDAsyncSocket.h; sourceTree = "<group>"; };
		E09721B21F655B6A003A39FC /* GCDAsyncSocket.m */ = {isa = PBXFileReference; fileEncoding = 4; lastKnownFileType = sourcecode.c.objc; path = GCDAsyncSocket.m; sourceTree = "<group>"; };
		E09721B31F655B6A003A39FC /* GCDAsyncUdpSocket.h */ = {isa = PBXFileReference; fileEncoding = 4; lastKnownFileType = sourcecode.c.h; path = GCDAsyncUdpSocket.h; sourceTree = "<group>"; };
		E09721B41F655B6A003A39FC /* GCDAsyncUdpSocket.m */ = {isa = PBXFileReference; fileEncoding = 4; lastKnownFileType = sourcecode.c.objc; path = GCDAsyncUdpSocket.m; sourceTree = "<group>"; };
		E09721B71F655F1D003A39FC /* MZGCDSocketManager.h */ = {isa = PBXFileReference; fileEncoding = 4; lastKnownFileType = sourcecode.c.h; path = MZGCDSocketManager.h; sourceTree = "<group>"; };
		E09721B81F655F1D003A39FC /* MZGCDSocketManager.m */ = {isa = PBXFileReference; fileEncoding = 4; lastKnownFileType = sourcecode.c.objc; path = MZGCDSocketManager.m; sourceTree = "<group>"; };
		E09721BE1F663E94003A39FC /* MZGameTypeModel.h */ = {isa = PBXFileReference; fileEncoding = 4; lastKnownFileType = sourcecode.c.h; path = MZGameTypeModel.h; sourceTree = "<group>"; };
		E09721BF1F663E94003A39FC /* MZGameTypeModel.m */ = {isa = PBXFileReference; fileEncoding = 4; lastKnownFileType = sourcecode.c.objc; path = MZGameTypeModel.m; sourceTree = "<group>"; };
		E09721C11F66A89F003A39FC /* MZLoginModel.h */ = {isa = PBXFileReference; fileEncoding = 4; lastKnownFileType = sourcecode.c.h; path = MZLoginModel.h; sourceTree = "<group>"; };
		E09721C21F66A89F003A39FC /* MZLoginModel.m */ = {isa = PBXFileReference; fileEncoding = 4; lastKnownFileType = sourcecode.c.objc; path = MZLoginModel.m; sourceTree = "<group>"; };
		E09721C41F66CAEC003A39FC /* MZSettingView.h */ = {isa = PBXFileReference; fileEncoding = 4; lastKnownFileType = sourcecode.c.h; path = MZSettingView.h; sourceTree = "<group>"; };
		E09721C51F66CAEC003A39FC /* MZSettingView.m */ = {isa = PBXFileReference; fileEncoding = 4; lastKnownFileType = sourcecode.c.objc; path = MZSettingView.m; sourceTree = "<group>"; };
		E09721C71F66CB00003A39FC /* MZGameRuleView.h */ = {isa = PBXFileReference; fileEncoding = 4; lastKnownFileType = sourcecode.c.h; path = MZGameRuleView.h; sourceTree = "<group>"; };
		E09721C81F66CB00003A39FC /* MZGameRuleView.m */ = {isa = PBXFileReference; fileEncoding = 4; lastKnownFileType = sourcecode.c.objc; path = MZGameRuleView.m; sourceTree = "<group>"; };
		E09721CA1F66CB11003A39FC /* MZMessageView.h */ = {isa = PBXFileReference; fileEncoding = 4; lastKnownFileType = sourcecode.c.h; path = MZMessageView.h; sourceTree = "<group>"; };
		E09721CB1F66CB11003A39FC /* MZMessageView.m */ = {isa = PBXFileReference; fileEncoding = 4; lastKnownFileType = sourcecode.c.objc; path = MZMessageView.m; sourceTree = "<group>"; };
		E09721CD1F678252003A39FC /* MZMessageCell.h */ = {isa = PBXFileReference; fileEncoding = 4; lastKnownFileType = sourcecode.c.h; path = MZMessageCell.h; sourceTree = "<group>"; };
		E09721CE1F678252003A39FC /* MZMessageCell.m */ = {isa = PBXFileReference; fileEncoding = 4; lastKnownFileType = sourcecode.c.objc; path = MZMessageCell.m; sourceTree = "<group>"; };
		E09721CF1F678252003A39FC /* MZMessageCell.xib */ = {isa = PBXFileReference; fileEncoding = 4; lastKnownFileType = file.xib; path = MZMessageCell.xib; sourceTree = "<group>"; };
		E09721D21F6788EE003A39FC /* MZMessageModel.h */ = {isa = PBXFileReference; fileEncoding = 4; lastKnownFileType = sourcecode.c.h; path = MZMessageModel.h; sourceTree = "<group>"; };
		E09721D31F6788EE003A39FC /* MZMessageModel.m */ = {isa = PBXFileReference; fileEncoding = 4; lastKnownFileType = sourcecode.c.objc; path = MZMessageModel.m; sourceTree = "<group>"; };
		E09721ED1F681610003A39FC /* ZJSwitch.h */ = {isa = PBXFileReference; fileEncoding = 4; lastKnownFileType = sourcecode.c.h; path = ZJSwitch.h; sourceTree = "<group>"; };
		E09721EE1F681610003A39FC /* ZJSwitch.m */ = {isa = PBXFileReference; fileEncoding = 4; lastKnownFileType = sourcecode.c.objc; path = ZJSwitch.m; sourceTree = "<group>"; };
		E09721F51F691DC9003A39FC /* MZGameRuleModel.h */ = {isa = PBXFileReference; fileEncoding = 4; lastKnownFileType = sourcecode.c.h; path = MZGameRuleModel.h; sourceTree = "<group>"; };
		E09721F61F691DC9003A39FC /* MZGameRuleModel.m */ = {isa = PBXFileReference; fileEncoding = 4; lastKnownFileType = sourcecode.c.objc; path = MZGameRuleModel.m; sourceTree = "<group>"; };
/* End PBXFileReference section */

/* Begin PBXFrameworksBuildPhase section */
		E069964A1F4E62DF00CE9019 /* Frameworks */ = {
			isa = PBXFrameworksBuildPhase;
			buildActionMask = 2147483647;
			files = (
				E09721A41F63F652003A39FC /* Security.framework in Frameworks */,
				E06996701F4E6A9D00CE9019 /* CFNetwork.framework in Frameworks */,
				0C87F392E1520756495CD280 /* libPods-HappyNiuniuProject.a in Frameworks */,
			);
			runOnlyForDeploymentPostprocessing = 0;
		};
/* End PBXFrameworksBuildPhase section */

/* Begin PBXGroup section */
		C3147EA9D79A0C08B37B53F4 /* Pods */ = {
			isa = PBXGroup;
			children = (
				1D27AC010885E5D05FB11A53 /* Pods-HappyNiuniuProject.debug.xcconfig */,
				3D0D34EE214DF520276C125A /* Pods-HappyNiuniuProject.release.xcconfig */,
			);
			name = Pods;
			sourceTree = "<group>";
		};
		E011D1CF1F4F0CE8007CD5AB /* base */ = {
			isa = PBXGroup;
			children = (
				E011D1D01F4F0CF8007CD5AB /* MZBaseController.h */,
				E011D1D11F4F0CF8007CD5AB /* MZBaseController.m */,
				E011D1D81F4F12CB007CD5AB /* MZNavgationController.h */,
				E011D1D91F4F12CB007CD5AB /* MZNavgationController.m */,
			);
			path = base;
			sourceTree = "<group>";
		};
		E011D1E61F4FCAED007CD5AB /* playGame */ = {
			isa = PBXGroup;
			children = (
				E011D21D1F505AD1007CD5AB /* View */,
				E011D21E1F505AD1007CD5AB /* Model */,
				E011D2181F504797007CD5AB /* MZPlaygameController.h */,
				E011D2191F504797007CD5AB /* MZPlaygameController.m */,
			);
			path = playGame;
			sourceTree = "<group>";
		};
		E011D1E71F4FCAED007CD5AB /* gameLobby */ = {
			isa = PBXGroup;
			children = (
				E011D2061F500403007CD5AB /* Model */,
				E011D2071F500403007CD5AB /* View */,
				E07E204F1F56A72900C1E618 /* Control */,
			);
			path = gameLobby;
			sourceTree = "<group>";
		};
		E011D1F81F4FEF7D007CD5AB /* customUI */ = {
			isa = PBXGroup;
			children = (
				E09721E91F6803E5003A39FC /* KDSwitch */,
				E0971F461F5D3E76003A39FC /* KDUILabel */,
				E0971F421F5D3768003A39FC /* KDUITextField */,
				E07E20641F57FD6800C1E618 /* KBSMSBtn */,
				E011D2281F53CC29007CD5AB /* JSON */,
				E011D1F91F4FEF7D007CD5AB /* KDAlertView */,
				E011D1FC1F4FEF7D007CD5AB /* KDAnimation */,
				E0971FAD1F5ED0F8003A39FC /* NSBundle+MZLanguage.h */,
				E0971FAE1F5ED0F8003A39FC /* NSBundle+MZLanguage.m */,
				E0971FB51F5EDC72003A39FC /* MZlocalizableContoller.h */,
				E0971FB61F5EDC72003A39FC /* MZlocalizableContoller.m */,
			);
			path = customUI;
			sourceTree = "<group>";
		};
		E011D1F91F4FEF7D007CD5AB /* KDAlertView */ = {
			isa = PBXGroup;
			children = (
				E011D1FA1F4FEF7D007CD5AB /* KDAlertView.h */,
				E011D1FB1F4FEF7D007CD5AB /* KDAlertView.m */,
			);
			path = KDAlertView;
			sourceTree = "<group>";
		};
		E011D1FC1F4FEF7D007CD5AB /* KDAnimation */ = {
			isa = PBXGroup;
			children = (
				E011D1FD1F4FEF7D007CD5AB /* KDAnimation.h */,
				E011D1FE1F4FEF7D007CD5AB /* KDAnimation.m */,
			);
			path = KDAnimation;
			sourceTree = "<group>";
		};
		E011D2061F500403007CD5AB /* Model */ = {
			isa = PBXGroup;
			children = (
				E09721AC1F6510A6003A39FC /* GameListModel */,
				E011D2101F50344C007CD5AB /* MZRoomListModel.h */,
				E011D2111F50344C007CD5AB /* MZRoomListModel.m */,
				E09720451F6180B3003A39FC /* MZGameRoomLeftModel.h */,
				E09720461F6180B3003A39FC /* MZGameRoomLeftModel.m */,
				E09721D21F6788EE003A39FC /* MZMessageModel.h */,
				E09721D31F6788EE003A39FC /* MZMessageModel.m */,
				E09721F51F691DC9003A39FC /* MZGameRuleModel.h */,
				E09721F61F691DC9003A39FC /* MZGameRuleModel.m */,
			);
			path = Model;
			sourceTree = "<group>";
		};
		E011D2071F500403007CD5AB /* View */ = {
			isa = PBXGroup;
			children = (
				E011D2081F500D19007CD5AB /* MZRoomCell.h */,
				E011D2091F500D19007CD5AB /* MZRoomCell.m */,
				E011D20A1F500D19007CD5AB /* MZRoomCell.xib */,
				E011D2131F5034C1007CD5AB /* MZRoomListCell.h */,
				E011D2141F5034C1007CD5AB /* MZRoomListCell.m */,
				E011D2151F5034C1007CD5AB /* MZRoomListCell.xib */,
				E09721CD1F678252003A39FC /* MZMessageCell.h */,
				E09721CE1F678252003A39FC /* MZMessageCell.m */,
				E09721CF1F678252003A39FC /* MZMessageCell.xib */,
				E07E20461F55488C00C1E618 /* MZLobbySView.h */,
				E07E20471F55488C00C1E618 /* MZLobbySView.m */,
				E09721C41F66CAEC003A39FC /* MZSettingView.h */,
				E09721C51F66CAEC003A39FC /* MZSettingView.m */,
				E09721C71F66CB00003A39FC /* MZGameRuleView.h */,
				E09721C81F66CB00003A39FC /* MZGameRuleView.m */,
				E09721CA1F66CB11003A39FC /* MZMessageView.h */,
				E09721CB1F66CB11003A39FC /* MZMessageView.m */,
			);
			path = View;
			sourceTree = "<group>";
		};
		E011D21D1F505AD1007CD5AB /* View */ = {
			isa = PBXGroup;
			children = (
				E011D21F1F506288007CD5AB /* MZCountdownView.h */,
				E011D2201F506288007CD5AB /* MZCountdownView.m */,
				E011D2221F507559007CD5AB /* MZMultipleHog.h */,
				E011D2231F507559007CD5AB /* MZMultipleHog.m */,
				E011D22C1F544B5F007CD5AB /* MZUserView.h */,
				E011D22D1F544B5F007CD5AB /* MZUserView.m */,
				E011D22F1F545777007CD5AB /* MZOverlapView.h */,
				E011D2301F545777007CD5AB /* MZOverlapView.m */,
				E011D2321F546526007CD5AB /* MZSpreadView.h */,
				E011D2331F546526007CD5AB /* MZSpreadView.m */,
				E07E20681F58147200C1E618 /* MZcalculateNiuView.h */,
				E07E20691F58147200C1E618 /* MZcalculateNiuView.m */,
				E0971FEA1F5F8EAE003A39FC /* MZBuyChips.h */,
				E0971FEB1F5F8EAE003A39FC /* MZBuyChips.m */,
			);
			path = View;
			sourceTree = "<group>";
		};
		E011D21E1F505AD1007CD5AB /* Model */ = {
			isa = PBXGroup;
			children = (
				E011D2251F52AB29007CD5AB /* MZPlayerModel.h */,
				E011D2261F52AB29007CD5AB /* MZPlayerModel.m */,
			);
			path = Model;
			sourceTree = "<group>";
		};
		E011D2281F53CC29007CD5AB /* JSON */ = {
			isa = PBXGroup;
			children = (
				E011D2291F53CC29007CD5AB /* KDJSON.h */,
				E011D22A1F53CC29007CD5AB /* KDJSON.m */,
			);
			path = JSON;
			sourceTree = "<group>";
		};
		E02F5CE51F5C2340009CA9FA /* Resource */ = {
			isa = PBXGroup;
			children = (
				E09720691F627DF5003A39FC /* check */,
				E0971FB81F5F7062003A39FC /* chinese */,
				E0971FBF1F5F7062003A39FC /* english */,
			);
			path = Resource;
			sourceTree = "<group>";
		};
		E06996441F4E62DF00CE9019 = {
			isa = PBXGroup;
			children = (
				E069964F1F4E62DF00CE9019 /* HappyNiuniuProject */,
				E069964E1F4E62DF00CE9019 /* Products */,
				E069966E1F4E6A9D00CE9019 /* Frameworks */,
				C3147EA9D79A0C08B37B53F4 /* Pods */,
			);
			sourceTree = "<group>";
		};
		E069964E1F4E62DF00CE9019 /* Products */ = {
			isa = PBXGroup;
			children = (
				E069964D1F4E62DF00CE9019 /* HappyNiuniuProject.app */,
			);
			name = Products;
			sourceTree = "<group>";
		};
		E069964F1F4E62DF00CE9019 /* HappyNiuniuProject */ = {
			isa = PBXGroup;
			children = (
				E076B13C1F4EED4B001055FE /* Class */,
				E011D1F81F4FEF7D007CD5AB /* customUI */,
				E06996711F4E6BAD00CE9019 /* factory */,
				E09721B01F655B6A003A39FC /* GCD */,
				E06996671F4E655800CE9019 /* Socket */,
				E02F5CE51F5C2340009CA9FA /* Resource */,
				E06996531F4E62DF00CE9019 /* AppDelegate.h */,
				E06996541F4E62DF00CE9019 /* AppDelegate.m */,
				E069965C1F4E62DF00CE9019 /* Assets.xcassets */,
				E069965E1F4E62DF00CE9019 /* LaunchScreen.storyboard */,
				E0971FAB1F5EAAD0003A39FC /* InfoPlist.strings */,
				E0971F8D1F5E8014003A39FC /* Localizable.strings */,
				E06996611F4E62DF00CE9019 /* Info.plist */,
				E06996501F4E62DF00CE9019 /* Supporting Files */,
			);
			path = HappyNiuniuProject;
			sourceTree = "<group>";
		};
		E06996501F4E62DF00CE9019 /* Supporting Files */ = {
			isa = PBXGroup;
			children = (
				E06996511F4E62DF00CE9019 /* main.m */,
				E076B13A1F4EEBF2001055FE /* Header.h */,
				E076B13B1F4EEC33001055FE /* PrefixHeader.pch */,
			);
			name = "Supporting Files";
			sourceTree = "<group>";
		};
		E06996671F4E655800CE9019 /* Socket */ = {
			isa = PBXGroup;
			children = (
				E06996681F4E6A2B00CE9019 /* AsyncSocket.h */,
				E06996691F4E6A2B00CE9019 /* AsyncSocket.m */,
				E069966A1F4E6A2B00CE9019 /* AsyncUdpSocket.h */,
				E069966B1F4E6A2B00CE9019 /* AsyncUdpSocket.m */,
			);
			path = Socket;
			sourceTree = "<group>";
		};
		E069966E1F4E6A9D00CE9019 /* Frameworks */ = {
			isa = PBXGroup;
			children = (
				E09721A31F63F652003A39FC /* Security.framework */,
				E069966F1F4E6A9D00CE9019 /* CFNetwork.framework */,
				1AE7086D64514544567D54CB /* libPods-HappyNiuniuProject.a */,
			);
			name = Frameworks;
			sourceTree = "<group>";
		};
		E06996711F4E6BAD00CE9019 /* factory */ = {
			isa = PBXGroup;
			children = (
				E09721A81F64D10F003A39FC /* KBNetWork */,
				E09721A51F63F6BB003A39FC /* KeychainItemWrapper.h */,
				E09721A61F63F6BB003A39FC /* KeychainItemWrapper.m */,
				E076B1371F4EEBD5001055FE /* Common.h */,
				E076B1381F4EEBD5001055FE /* Common.m */,
				E011D1F41F4FEF14007CD5AB /* KDCheckTxt.h */,
				E011D1F51F4FEF14007CD5AB /* KDCheckTxt.m */,
				E011D20D1F500F9E007CD5AB /* UIImage+Color.h */,
				E011D20E1F500F9E007CD5AB /* UIImage+Color.m */,
				E076B1341F4ED79D001055FE /* LGSocketServe.h */,
				E076B1351F4ED79D001055FE /* LGSocketServe.m */,
				E06996721F4E6C7700CE9019 /* MZNetRequest.h */,
				E06996731F4E6C7700CE9019 /* MZNetRequest.m */,
				E06996751F4E89DD00CE9019 /* MZNetworkRequest.h */,
				E06996761F4E89DD00CE9019 /* MZNetworkRequest.m */,
				E09721B71F655F1D003A39FC /* MZGCDSocketManager.h */,
				E09721B81F655F1D003A39FC /* MZGCDSocketManager.m */,
			);
			path = factory;
			sourceTree = "<group>";
		};
		E076B13C1F4EED4B001055FE /* Class */ = {
			isa = PBXGroup;
			children = (
				E011D1CF1F4F0CE8007CD5AB /* base */,
				E076B13D1F4EEDBB001055FE /* Login */,
				E076B13E1F4EEDBB001055FE /* Register */,
				E011D1E71F4FCAED007CD5AB /* gameLobby */,
				E011D1E61F4FCAED007CD5AB /* playGame */,
			);
			path = Class;
			sourceTree = "<group>";
		};
		E076B13D1F4EEDBB001055FE /* Login */ = {
			isa = PBXGroup;
			children = (
				E07E204C1F56922A00C1E618 /* Model */,
				E07E20601F57B82F00C1E618 /* View */,
				E011D1D31F4F0D0C007CD5AB /* MZLoginController.h */,
				E011D1D41F4F0D0D007CD5AB /* MZLoginController.m */,
				E02F5D111F5C3F77009CA9FA /* MZLoginController.xib */,
				E011D1E11F4FCA7D007CD5AB /* MZForgetPasswordController.h */,
				E011D1E21F4FCA7D007CD5AB /* MZForgetPasswordController.m */,
				E011D1E31F4FCA7D007CD5AB /* MZForgetPasswordController.xib */,
			);
			path = Login;
			sourceTree = "<group>";
		};
		E076B13E1F4EEDBB001055FE /* Register */ = {
			isa = PBXGroup;
			children = (
				E011D1DC1F4FAD1A007CD5AB /* MZRegisterController.h */,
				E011D1DD1F4FAD1A007CD5AB /* MZRegisterController.m */,
				E02F5CE01F5BB86A009CA9FA /* MZRegisterController.xib */,
			);
			path = Register;
			sourceTree = "<group>";
		};
		E07E204C1F56922A00C1E618 /* Model */ = {
			isa = PBXGroup;
			children = (
				E09721C11F66A89F003A39FC /* MZLoginModel.h */,
				E09721C21F66A89F003A39FC /* MZLoginModel.m */,
			);
			path = Model;
			sourceTree = "<group>";
		};
		E07E204F1F56A72900C1E618 /* Control */ = {
			isa = PBXGroup;
			children = (
				E07E20531F56A72900C1E618 /* MZGameLobbyController.h */,
				E07E20541F56A72900C1E618 /* MZGameLobbyController.m */,
				E07E20551F56A72900C1E618 /* MZGameLobbyController.xib */,
				E07E20501F56A72900C1E618 /* MZEnterGameRoomController.h */,
				E07E20511F56A72900C1E618 /* MZEnterGameRoomController.m */,
				E07E20521F56A72900C1E618 /* MZEnterGameRoomController.xib */,
				E07E20561F56A72900C1E618 /* MZRoomListController.h */,
				E07E20571F56A72900C1E618 /* MZRoomListController.m */,
				E07E20581F56A72900C1E618 /* MZRoomListController.xib */,
				E07E205F1F56BCE400C1E618 /* Setting */,
			);
			path = Control;
			sourceTree = "<group>";
		};
		E07E205F1F56BCE400C1E618 /* Setting */ = {
			isa = PBXGroup;
			children = (
				E0971FB01F5ED232003A39FC /* MZSettingController.h */,
				E0971FB11F5ED232003A39FC /* MZSettingController.m */,
				E0971FB21F5ED232003A39FC /* MZSettingController.xib */,
			);
			path = Setting;
			sourceTree = "<group>";
		};
		E07E20601F57B82F00C1E618 /* View */ = {
			isa = PBXGroup;
			children = (
				E07E20611F57B86400C1E618 /* MZForgetView.h */,
				E07E20621F57B86400C1E618 /* MZForgetView.m */,
			);
			path = View;
			sourceTree = "<group>";
		};
		E07E20641F57FD6800C1E618 /* KBSMSBtn */ = {
			isa = PBXGroup;
			children = (
				E07E20651F57FD6800C1E618 /* KBSMSBtn.h */,
				E07E20661F57FD6800C1E618 /* KBSMSBtn.m */,
			);
			path = KBSMSBtn;
			sourceTree = "<group>";
		};
		E0971F421F5D3768003A39FC /* KDUITextField */ = {
			isa = PBXGroup;
			children = (
				E0971F431F5D3782003A39FC /* MZTextField.h */,
				E0971F441F5D3782003A39FC /* MZTextField.m */,
			);
			path = KDUITextField;
			sourceTree = "<group>";
		};
		E0971F461F5D3E76003A39FC /* KDUILabel */ = {
			isa = PBXGroup;
			children = (
				E0971F471F5D3E89003A39FC /* MZLabel.h */,
				E0971F481F5D3E89003A39FC /* MZLabel.m */,
			);
			path = KDUILabel;
			sourceTree = "<group>";
		};
		E0971FB81F5F7062003A39FC /* chinese */ = {
			isa = PBXGroup;
			children = (
				E0971FDE1F5F7142003A39FC /* notice_zh@2x.png */,
				E0971FDF1F5F7142003A39FC /* notice_zh@3x.png */,
				E0971FE01F5F7142003A39FC /* playrule_zh@2x.png */,
				E0971FE11F5F7142003A39FC /* playrule_zh@3x.png */,
				E0971FE21F5F7142003A39FC /* set_zh@2x.png */,
				E0971FE31F5F7142003A39FC /* set_zh@3x.png */,
			);
			path = chinese;
			sourceTree = "<group>";
		};
		E0971FBF1F5F7062003A39FC /* english */ = {
			isa = PBXGroup;
			children = (
				E0971FD21F5F7135003A39FC /* notice_en@2x.png */,
				E0971FD31F5F7135003A39FC /* notice_en@3x.png */,
				E0971FD41F5F7135003A39FC /* playrule_en@2x.png */,
				E0971FD51F5F7135003A39FC /* playrule_en@3x.png */,
				E0971FD61F5F7135003A39FC /* set_en@2x.png */,
				E0971FD71F5F7135003A39FC /* set_en@3x.png */,
			);
			path = english;
			sourceTree = "<group>";
		};
		E09720691F627DF5003A39FC /* check */ = {
			isa = PBXGroup;
			children = (
				E097219F1F62BBBA003A39FC /* check_boomPourImage@2x.png */,
				E09721A01F62BBBA003A39FC /* check_boomPourImage@3x.png */,
				E097219B1F628DDF003A39FC /* check_bankerHeadImage@2x.png */,
				E097219C1F628DDF003A39FC /* check_bankerHeadImage@3x.png */,
				E097206C1F627DF5003A39FC /* check_alarmClock@2x.png */,
				E097206D1F627DF5003A39FC /* check_alarmClock@3x.png */,
				E097206E1F627DF5003A39FC /* check_backLoggy@2x.png */,
				E097206F1F627DF5003A39FC /* check_backLoggy@3x.png */,
				E09720701F627DF5003A39FC /* check_boomHorizontal@2x.png */,
				E09720711F627DF5003A39FC /* check_boomHorizontal@3x.png */,
				E09720721F627DF5003A39FC /* check_boomVertical@2x.png */,
				E09720731F627DF5003A39FC /* check_boomVertical@3x.png */,
				E09720741F627DF5003A39FC /* check_bottomFrame@2x.png */,
				E09720751F627DF5003A39FC /* check_bottomFrame@3x.png */,
				E09720761F627DF5003A39FC /* check_bottomPouring@2x.png */,
				E09720771F627DF5003A39FC /* check_bottomPouring@3x.png */,
				E09720781F627DF5003A39FC /* check_desktopBac@2x.png */,
				E09720791F627DF5003A39FC /* check_desktopBac@3x.png */,
				E097207A1F627DF5003A39FC /* check_double@2x.png */,
				E097207B1F627DF5003A39FC /* check_double@3x.png */,
				E097207C1F627DF5003A39FC /* check_niu1@2x.png */,
				E097207D1F627DF5003A39FC /* check_niu1@3x.png */,
				E097207E1F627DF5003A39FC /* check_niu2@2x.png */,
				E097207F1F627DF5003A39FC /* check_niu2@3x.png */,
				E09720801F627DF5003A39FC /* check_niu3@2x.png */,
				E09720811F627DF5003A39FC /* check_niu3@3x.png */,
				E09720821F627DF5003A39FC /* check_niu4@2x.png */,
				E09720831F627DF5003A39FC /* check_niu4@3x.png */,
				E09720841F627DF5003A39FC /* check_niu5@2x.png */,
				E09720851F627DF5003A39FC /* check_niu5@3x.png */,
				E09720861F627DF5003A39FC /* check_niu6@2x.png */,
				E09720871F627DF5003A39FC /* check_niu6@3x.png */,
				E09720881F627DF5003A39FC /* check_niu7@2x.png */,
				E09720891F627DF5003A39FC /* check_niu7@3x.png */,
				E097208A1F627DF5003A39FC /* check_niu8@2x.png */,
				E097208B1F627DF5003A39FC /* check_niu8@3x.png */,
				E097208C1F627DF5003A39FC /* check_niu9@2x.png */,
				E097208D1F627DF5003A39FC /* check_niu9@3x.png */,
				E097208E1F627DF5003A39FC /* check_niuniu@2x.png */,
				E097208F1F627DF5003A39FC /* check_niuniu@3x.png */,
				E09720901F627DF5003A39FC /* check_noteNiu@2x.png */,
				E09720911F627DF5003A39FC /* check_noteNiu@3x.png */,
				E09720921F627DF5003A39FC /* check_prepare@2x.png */,
				E09720931F627DF5003A39FC /* check_prepare@3x.png */,
			);
			path = check;
			sourceTree = "<group>";
		};
		E09721A81F64D10F003A39FC /* KBNetWork */ = {
			isa = PBXGroup;
			children = (
				E09721A91F64D134003A39FC /* MZNetWorkRequest.h */,
				E09721AA1F64D134003A39FC /* MZNetWorkRequest.m */,
			);
			path = KBNetWork;
			sourceTree = "<group>";
		};
		E09721AC1F6510A6003A39FC /* GameListModel */ = {
			isa = PBXGroup;
			children = (
				E09721AD1F6510B6003A39FC /* MZBalanceModel.h */,
				E09721AE1F6510B6003A39FC /* MZBalanceModel.m */,
				E09721BE1F663E94003A39FC /* MZGameTypeModel.h */,
				E09721BF1F663E94003A39FC /* MZGameTypeModel.m */,
			);
			path = GameListModel;
			sourceTree = "<group>";
		};
		E09721B01F655B6A003A39FC /* GCD */ = {
			isa = PBXGroup;
			children = (
				E09721B11F655B6A003A39FC /* GCDAsyncSocket.h */,
				E09721B21F655B6A003A39FC /* GCDAsyncSocket.m */,
				E09721B31F655B6A003A39FC /* GCDAsyncUdpSocket.h */,
				E09721B41F655B6A003A39FC /* GCDAsyncUdpSocket.m */,
			);
			path = GCD;
			sourceTree = "<group>";
		};
		E09721E91F6803E5003A39FC /* KDSwitch */ = {
			isa = PBXGroup;
			children = (
				E09721ED1F681610003A39FC /* ZJSwitch.h */,
				E09721EE1F681610003A39FC /* ZJSwitch.m */,
			);
			path = KDSwitch;
			sourceTree = "<group>";
		};
/* End PBXGroup section */

/* Begin PBXNativeTarget section */
		E069964C1F4E62DF00CE9019 /* HappyNiuniuProject */ = {
			isa = PBXNativeTarget;
			buildConfigurationList = E06996641F4E62DF00CE9019 /* Build configuration list for PBXNativeTarget "HappyNiuniuProject" */;
			buildPhases = (
				344D38B77C067DE6878F4249 /* [CP] Check Pods Manifest.lock */,
				E06996491F4E62DF00CE9019 /* Sources */,
				E069964A1F4E62DF00CE9019 /* Frameworks */,
				E069964B1F4E62DF00CE9019 /* Resources */,
				2B665B1BC2FA1E3386C607C0 /* [CP] Embed Pods Frameworks */,
				E606E86D169BBE72B2B43BE3 /* [CP] Copy Pods Resources */,
			);
			buildRules = (
			);
			dependencies = (
			);
			name = HappyNiuniuProject;
			productName = HappyNiuniuProject;
			productReference = E069964D1F4E62DF00CE9019 /* HappyNiuniuProject.app */;
			productType = "com.apple.product-type.application";
		};
/* End PBXNativeTarget section */

/* Begin PBXProject section */
		E06996451F4E62DF00CE9019 /* Project object */ = {
			isa = PBXProject;
			attributes = {
				CLASSPREFIX = MZ;
				LastUpgradeCheck = 0830;
				ORGANIZATIONNAME = kuangbiao;
				TargetAttributes = {
					E069964C1F4E62DF00CE9019 = {
						CreatedOnToolsVersion = 8.3.3;
						DevelopmentTeam = YD2NR56P4A;
						ProvisioningStyle = Automatic;
					};
				};
			};
			buildConfigurationList = E06996481F4E62DF00CE9019 /* Build configuration list for PBXProject "HappyNiuniuProject" */;
			compatibilityVersion = "Xcode 3.2";
			developmentRegion = English;
			hasScannedForEncodings = 0;
			knownRegions = (
				en,
				Base,
				"zh-Hans",
			);
			mainGroup = E06996441F4E62DF00CE9019;
			productRefGroup = E069964E1F4E62DF00CE9019 /* Products */;
			projectDirPath = "";
			projectRoot = "";
			targets = (
				E069964C1F4E62DF00CE9019 /* HappyNiuniuProject */,
			);
		};
/* End PBXProject section */

/* Begin PBXResourcesBuildPhase section */
		E069964B1F4E62DF00CE9019 /* Resources */ = {
			isa = PBXResourcesBuildPhase;
			buildActionMask = 2147483647;
			files = (
				E0971FD91F5F7135003A39FC /* notice_en@3x.png in Resources */,
				E09720AE1F627DF6003A39FC /* check_niu5@2x.png in Resources */,
				E09720BB1F627DF6003A39FC /* check_noteNiu@3x.png in Resources */,
				E06996601F4E62DF00CE9019 /* LaunchScreen.storyboard in Resources */,
				E09720AC1F627DF6003A39FC /* check_niu4@2x.png in Resources */,
				E09720AA1F627DF5003A39FC /* check_niu3@2x.png in Resources */,
				E069965D1F4E62DF00CE9019 /* Assets.xcassets in Resources */,
				E0971FE61F5F7142003A39FC /* playrule_zh@2x.png in Resources */,
				E0971FE81F5F7142003A39FC /* set_zh@2x.png in Resources */,
				E09720B61F627DF6003A39FC /* check_niu9@2x.png in Resources */,
				E02F5D121F5C3F77009CA9FA /* MZLoginController.xib in Resources */,
				E097209B1F627DF5003A39FC /* check_boomHorizontal@3x.png in Resources */,
				E09720991F627DF5003A39FC /* check_backLoggy@3x.png in Resources */,
				E0971F8B1F5E8014003A39FC /* Localizable.strings in Resources */,
				E09720B71F627DF6003A39FC /* check_niu9@3x.png in Resources */,
				E09720971F627DF5003A39FC /* check_alarmClock@3x.png in Resources */,
				E0971FDA1F5F7135003A39FC /* playrule_en@2x.png in Resources */,
				E0971FDC1F5F7135003A39FC /* set_en@2x.png in Resources */,
				E0971FE51F5F7142003A39FC /* notice_zh@3x.png in Resources */,
				E09720A41F627DF5003A39FC /* check_double@2x.png in Resources */,
				E09720B91F627DF6003A39FC /* check_niuniu@3x.png in Resources */,
				E09720961F627DF5003A39FC /* check_alarmClock@2x.png in Resources */,
				E09720AD1F627DF6003A39FC /* check_niu4@3x.png in Resources */,
				E011D1E51F4FCA7D007CD5AB /* MZForgetPasswordController.xib in Resources */,
				E09720AF1F627DF6003A39FC /* check_niu5@3x.png in Resources */,
				E0971FE71F5F7142003A39FC /* playrule_zh@3x.png in Resources */,
				E0971FDD1F5F7135003A39FC /* set_en@3x.png in Resources */,
				E09720A11F627DF5003A39FC /* check_bottomPouring@3x.png in Resources */,
				E09720AB1F627DF5003A39FC /* check_niu3@3x.png in Resources */,
				E0971FA91F5EAAD0003A39FC /* InfoPlist.strings in Resources */,
				E097209D1F627DF5003A39FC /* check_boomVertical@3x.png in Resources */,
				E07E205A1F56A72900C1E618 /* MZEnterGameRoomController.xib in Resources */,
				E0971FD81F5F7135003A39FC /* notice_en@2x.png in Resources */,
				E097209C1F627DF5003A39FC /* check_boomVertical@2x.png in Resources */,
				E07E205C1F56A72900C1E618 /* MZGameLobbyController.xib in Resources */,
				E0971FDB1F5F7135003A39FC /* playrule_en@3x.png in Resources */,
				E09720A61F627DF5003A39FC /* check_niu1@2x.png in Resources */,
				E011D20C1F500D19007CD5AB /* MZRoomCell.xib in Resources */,
				E09720BD1F627DF6003A39FC /* check_prepare@3x.png in Resources */,
				E09720A21F627DF5003A39FC /* check_desktopBac@2x.png in Resources */,
				E09720B21F627DF6003A39FC /* check_niu7@2x.png in Resources */,
				E097209A1F627DF5003A39FC /* check_boomHorizontal@2x.png in Resources */,
				E09720B11F627DF6003A39FC /* check_niu6@3x.png in Resources */,
				E09720B51F627DF6003A39FC /* check_niu8@3x.png in Resources */,
				E097219D1F628DDF003A39FC /* check_bankerHeadImage@2x.png in Resources */,
				E097209F1F627DF5003A39FC /* check_bottomFrame@3x.png in Resources */,
				E09720B41F627DF6003A39FC /* check_niu8@2x.png in Resources */,
				E09720A91F627DF5003A39FC /* check_niu2@3x.png in Resources */,
				E097219E1F628DDF003A39FC /* check_bankerHeadImage@3x.png in Resources */,
				E09720A71F627DF5003A39FC /* check_niu1@3x.png in Resources */,
				E09720A31F627DF5003A39FC /* check_desktopBac@3x.png in Resources */,
				E0971FE41F5F7142003A39FC /* notice_zh@2x.png in Resources */,
				E09720B31F627DF6003A39FC /* check_niu7@3x.png in Resources */,
				E097209E1F627DF5003A39FC /* check_bottomFrame@2x.png in Resources */,
				E09720A01F627DF5003A39FC /* check_bottomPouring@2x.png in Resources */,
				E09721D11F678252003A39FC /* MZMessageCell.xib in Resources */,
				E09721A21F62BBBA003A39FC /* check_boomPourImage@3x.png in Resources */,
				E09720B81F627DF6003A39FC /* check_niuniu@2x.png in Resources */,
				E0971FE91F5F7142003A39FC /* set_zh@3x.png in Resources */,
				E09720B01F627DF6003A39FC /* check_niu6@2x.png in Resources */,
				E09720A51F627DF5003A39FC /* check_double@3x.png in Resources */,
				E0971FB41F5ED232003A39FC /* MZSettingController.xib in Resources */,
				E07E205E1F56A72900C1E618 /* MZRoomListController.xib in Resources */,
				E09720A81F627DF5003A39FC /* check_niu2@2x.png in Resources */,
				E09720BA1F627DF6003A39FC /* check_noteNiu@2x.png in Resources */,
				E09720BC1F627DF6003A39FC /* check_prepare@2x.png in Resources */,
				E09720981F627DF5003A39FC /* check_backLoggy@2x.png in Resources */,
				E011D2171F5034C1007CD5AB /* MZRoomListCell.xib in Resources */,
				E02F5CDE1F5BB86A009CA9FA /* MZRegisterController.xib in Resources */,
				E09721A11F62BBBA003A39FC /* check_boomPourImage@2x.png in Resources */,
			);
			runOnlyForDeploymentPostprocessing = 0;
		};
/* End PBXResourcesBuildPhase section */

/* Begin PBXShellScriptBuildPhase section */
		2B665B1BC2FA1E3386C607C0 /* [CP] Embed Pods Frameworks */ = {
			isa = PBXShellScriptBuildPhase;
			buildActionMask = 2147483647;
			files = (
			);
			inputPaths = (
			);
			name = "[CP] Embed Pods Frameworks";
			outputPaths = (
			);
			runOnlyForDeploymentPostprocessing = 0;
			shellPath = /bin/sh;
			shellScript = "\"${SRCROOT}/Pods/Target Support Files/Pods-HappyNiuniuProject/Pods-HappyNiuniuProject-frameworks.sh\"\n";
			showEnvVarsInLog = 0;
		};
		344D38B77C067DE6878F4249 /* [CP] Check Pods Manifest.lock */ = {
			isa = PBXShellScriptBuildPhase;
			buildActionMask = 2147483647;
			files = (
			);
			inputPaths = (
			);
			name = "[CP] Check Pods Manifest.lock";
			outputPaths = (
			);
			runOnlyForDeploymentPostprocessing = 0;
			shellPath = /bin/sh;
			shellScript = "diff \"${PODS_PODFILE_DIR_PATH}/Podfile.lock\" \"${PODS_ROOT}/Manifest.lock\" > /dev/null\nif [ $? != 0 ] ; then\n    # print error to STDERR\n    echo \"error: The sandbox is not in sync with the Podfile.lock. Run 'pod install' or update your CocoaPods installation.\" >&2\n    exit 1\nfi\n";
			showEnvVarsInLog = 0;
		};
		E606E86D169BBE72B2B43BE3 /* [CP] Copy Pods Resources */ = {
			isa = PBXShellScriptBuildPhase;
			buildActionMask = 2147483647;
			files = (
			);
			inputPaths = (
			);
			name = "[CP] Copy Pods Resources";
			outputPaths = (
			);
			runOnlyForDeploymentPostprocessing = 0;
			shellPath = /bin/sh;
			shellScript = "\"${SRCROOT}/Pods/Target Support Files/Pods-HappyNiuniuProject/Pods-HappyNiuniuProject-resources.sh\"\n";
			showEnvVarsInLog = 0;
		};
/* End PBXShellScriptBuildPhase section */

/* Begin PBXSourcesBuildPhase section */
		E06996491F4E62DF00CE9019 /* Sources */ = {
			isa = PBXSourcesBuildPhase;
			buildActionMask = 2147483647;
			files = (
				E011D1DA1F4F12CB007CD5AB /* MZNavgationController.m in Sources */,
				E06996741F4E6C7700CE9019 /* MZNetRequest.m in Sources */,
				E011D21B1F504797007CD5AB /* MZPlaygameController.m in Sources */,
				E09721C91F66CB00003A39FC /* MZGameRuleView.m in Sources */,
				E011D2311F545777007CD5AB /* MZOverlapView.m in Sources */,
				E07E20631F57B86400C1E618 /* MZForgetView.m in Sources */,
				E0971FAF1F5ED0F8003A39FC /* NSBundle+MZLanguage.m in Sources */,
				E0971FB71F5EDC72003A39FC /* MZlocalizableContoller.m in Sources */,
				E011D20F1F500F9E007CD5AB /* UIImage+Color.m in Sources */,
				E0971FEC1F5F8EAE003A39FC /* MZBuyChips.m in Sources */,
				E09721F71F691DC9003A39FC /* MZGameRuleModel.m in Sources */,
				E09721EF1F681610003A39FC /* ZJSwitch.m in Sources */,
				E07E205D1F56A72900C1E618 /* MZRoomListController.m in Sources */,
				E09721C01F663E94003A39FC /* MZGameTypeModel.m in Sources */,
				E09721D01F678252003A39FC /* MZMessageCell.m in Sources */,
				E011D1DB1F4F187C007CD5AB /* MZBaseController.m in Sources */,
				E011D2161F5034C1007CD5AB /* MZRoomListCell.m in Sources */,
				E09720471F6180B3003A39FC /* MZGameRoomLeftModel.m in Sources */,
				E07E20591F56A72900C1E618 /* MZEnterGameRoomController.m in Sources */,
				E011D1DF1F4FAD1A007CD5AB /* MZRegisterController.m in Sources */,
				E0971FB31F5ED232003A39FC /* MZSettingController.m in Sources */,
				E09721CC1F66CB11003A39FC /* MZMessageView.m in Sources */,
				E069966D1F4E6A2B00CE9019 /* AsyncUdpSocket.m in Sources */,
				E06996551F4E62DF00CE9019 /* AppDelegate.m in Sources */,
				E011D2271F52AB29007CD5AB /* MZPlayerModel.m in Sources */,
				E07E20671F57FD6800C1E618 /* KBSMSBtn.m in Sources */,
				E06996521F4E62DF00CE9019 /* main.m in Sources */,
				E011D1E41F4FCA7D007CD5AB /* MZForgetPasswordController.m in Sources */,
				E011D2341F546526007CD5AB /* MZSpreadView.m in Sources */,
				E09721AF1F6510B6003A39FC /* MZBalanceModel.m in Sources */,
				E07E205B1F56A72900C1E618 /* MZGameLobbyController.m in Sources */,
				E011D2121F50344C007CD5AB /* MZRoomListModel.m in Sources */,
				E06996771F4E89DD00CE9019 /* MZNetworkRequest.m in Sources */,
				E09721C61F66CAEC003A39FC /* MZSettingView.m in Sources */,
				E011D1F71F4FEF14007CD5AB /* KDCheckTxt.m in Sources */,
				E09721AB1F64D134003A39FC /* MZNetWorkRequest.m in Sources */,
				E011D2211F506288007CD5AB /* MZCountdownView.m in Sources */,
				E011D1D61F4F0D0D007CD5AB /* MZLoginController.m in Sources */,
				E011D20B1F500D19007CD5AB /* MZRoomCell.m in Sources */,
				E09721B61F655B6A003A39FC /* GCDAsyncUdpSocket.m in Sources */,
				E076B1391F4EEBD5001055FE /* Common.m in Sources */,
				E011D2001F4FEF7D007CD5AB /* KDAnimation.m in Sources */,
				E07E20481F55488C00C1E618 /* MZLobbySView.m in Sources */,
				E0971F451F5D3782003A39FC /* MZTextField.m in Sources */,
				E09721B51F655B6A003A39FC /* GCDAsyncSocket.m in Sources */,
				E011D22B1F53CC29007CD5AB /* KDJSON.m in Sources */,
				E07E206A1F58147200C1E618 /* MZcalculateNiuView.m in Sources */,
				E09721B91F655F1D003A39FC /* MZGCDSocketManager.m in Sources */,
				E0971F491F5D3E89003A39FC /* MZLabel.m in Sources */,
				E011D22E1F544B60007CD5AB /* MZUserView.m in Sources */,
				E069966C1F4E6A2B00CE9019 /* AsyncSocket.m in Sources */,
				E011D1FF1F4FEF7D007CD5AB /* KDAlertView.m in Sources */,
				E09721D41F6788EE003A39FC /* MZMessageModel.m in Sources */,
				E076B1361F4ED79D001055FE /* LGSocketServe.m in Sources */,
				E09721A71F63F6BB003A39FC /* KeychainItemWrapper.m in Sources */,
				E09721C31F66A89F003A39FC /* MZLoginModel.m in Sources */,
				E011D2241F507559007CD5AB /* MZMultipleHog.m in Sources */,
			);
			runOnlyForDeploymentPostprocessing = 0;
		};
/* End PBXSourcesBuildPhase section */

/* Begin PBXVariantGroup section */
		E02F5CE01F5BB86A009CA9FA /* MZRegisterController.xib */ = {
			isa = PBXVariantGroup;
			children = (
				E02F5CDF1F5BB86A009CA9FA /* Base */,
			);
			name = MZRegisterController.xib;
			sourceTree = "<group>";
		};
		E069965E1F4E62DF00CE9019 /* LaunchScreen.storyboard */ = {
			isa = PBXVariantGroup;
			children = (
				E069965F1F4E62DF00CE9019 /* Base */,
				E02F5CCF1F5BAAAC009CA9FA /* zh-Hans */,
			);
			name = LaunchScreen.storyboard;
			sourceTree = "<group>";
		};
		E0971F8D1F5E8014003A39FC /* Localizable.strings */ = {
			isa = PBXVariantGroup;
			children = (
				E0971F8C1F5E8014003A39FC /* en */,
				E0971F8E1F5E8017003A39FC /* zh-Hans */,
			);
			name = Localizable.strings;
			sourceTree = "<group>";
		};
		E0971FAB1F5EAAD0003A39FC /* InfoPlist.strings */ = {
			isa = PBXVariantGroup;
			children = (
				E0971FAA1F5EAAD0003A39FC /* en */,
				E0971FAC1F5EAAD1003A39FC /* zh-Hans */,
			);
			name = InfoPlist.strings;
			sourceTree = "<group>";
		};
/* End PBXVariantGroup section */

/* Begin XCBuildConfiguration section */
		E06996621F4E62DF00CE9019 /* Debug */ = {
			isa = XCBuildConfiguration;
			buildSettings = {
				ALWAYS_SEARCH_USER_PATHS = NO;
				CLANG_ANALYZER_LOCALIZABILITY_NONLOCALIZED = YES;
				CLANG_ANALYZER_NONNULL = YES;
				CLANG_ANALYZER_NUMBER_OBJECT_CONVERSION = YES_AGGRESSIVE;
				CLANG_CXX_LANGUAGE_STANDARD = "gnu++0x";
				CLANG_CXX_LIBRARY = "libc++";
				CLANG_ENABLE_MODULES = YES;
				CLANG_ENABLE_OBJC_ARC = YES;
				CLANG_WARN_BOOL_CONVERSION = YES;
				CLANG_WARN_CONSTANT_CONVERSION = YES;
				CLANG_WARN_DIRECT_OBJC_ISA_USAGE = YES_ERROR;
				CLANG_WARN_DOCUMENTATION_COMMENTS = YES;
				CLANG_WARN_EMPTY_BODY = YES;
				CLANG_WARN_ENUM_CONVERSION = YES;
				CLANG_WARN_INFINITE_RECURSION = YES;
				CLANG_WARN_INT_CONVERSION = YES;
				CLANG_WARN_OBJC_ROOT_CLASS = YES_ERROR;
				CLANG_WARN_SUSPICIOUS_MOVE = YES;
				CLANG_WARN_UNREACHABLE_CODE = YES;
				CLANG_WARN__DUPLICATE_METHOD_MATCH = YES;
				"CODE_SIGN_IDENTITY[sdk=iphoneos*]" = "iPhone Developer";
				COPY_PHASE_STRIP = NO;
				DEBUG_INFORMATION_FORMAT = dwarf;
				ENABLE_STRICT_OBJC_MSGSEND = YES;
				ENABLE_TESTABILITY = YES;
				GCC_C_LANGUAGE_STANDARD = gnu99;
				GCC_DYNAMIC_NO_PIC = NO;
				GCC_NO_COMMON_BLOCKS = YES;
				GCC_OPTIMIZATION_LEVEL = 0;
				GCC_PREPROCESSOR_DEFINITIONS = (
					"DEBUG=1",
					"$(inherited)",
				);
				GCC_WARN_64_TO_32_BIT_CONVERSION = YES;
				GCC_WARN_ABOUT_RETURN_TYPE = YES_ERROR;
				GCC_WARN_UNDECLARED_SELECTOR = YES;
				GCC_WARN_UNINITIALIZED_AUTOS = YES_AGGRESSIVE;
				GCC_WARN_UNUSED_FUNCTION = YES;
				GCC_WARN_UNUSED_VARIABLE = YES;
				IPHONEOS_DEPLOYMENT_TARGET = 10.3;
				MTL_ENABLE_DEBUG_INFO = YES;
				ONLY_ACTIVE_ARCH = YES;
				SDKROOT = iphoneos;
				TARGETED_DEVICE_FAMILY = "1,2";
			};
			name = Debug;
		};
		E06996631F4E62DF00CE9019 /* Release */ = {
			isa = XCBuildConfiguration;
			buildSettings = {
				ALWAYS_SEARCH_USER_PATHS = NO;
				CLANG_ANALYZER_LOCALIZABILITY_NONLOCALIZED = YES;
				CLANG_ANALYZER_NONNULL = YES;
				CLANG_ANALYZER_NUMBER_OBJECT_CONVERSION = YES_AGGRESSIVE;
				CLANG_CXX_LANGUAGE_STANDARD = "gnu++0x";
				CLANG_CXX_LIBRARY = "libc++";
				CLANG_ENABLE_MODULES = YES;
				CLANG_ENABLE_OBJC_ARC = YES;
				CLANG_WARN_BOOL_CONVERSION = YES;
				CLANG_WARN_CONSTANT_CONVERSION = YES;
				CLANG_WARN_DIRECT_OBJC_ISA_USAGE = YES_ERROR;
				CLANG_WARN_DOCUMENTATION_COMMENTS = YES;
				CLANG_WARN_EMPTY_BODY = YES;
				CLANG_WARN_ENUM_CONVERSION = YES;
				CLANG_WARN_INFINITE_RECURSION = YES;
				CLANG_WARN_INT_CONVERSION = YES;
				CLANG_WARN_OBJC_ROOT_CLASS = YES_ERROR;
				CLANG_WARN_SUSPICIOUS_MOVE = YES;
				CLANG_WARN_UNREACHABLE_CODE = YES;
				CLANG_WARN__DUPLICATE_METHOD_MATCH = YES;
				"CODE_SIGN_IDENTITY[sdk=iphoneos*]" = "iPhone Developer";
				COPY_PHASE_STRIP = NO;
				DEBUG_INFORMATION_FORMAT = "dwarf-with-dsym";
				ENABLE_NS_ASSERTIONS = NO;
				ENABLE_STRICT_OBJC_MSGSEND = YES;
				GCC_C_LANGUAGE_STANDARD = gnu99;
				GCC_NO_COMMON_BLOCKS = YES;
				GCC_WARN_64_TO_32_BIT_CONVERSION = YES;
				GCC_WARN_ABOUT_RETURN_TYPE = YES_ERROR;
				GCC_WARN_UNDECLARED_SELECTOR = YES;
				GCC_WARN_UNINITIALIZED_AUTOS = YES_AGGRESSIVE;
				GCC_WARN_UNUSED_FUNCTION = YES;
				GCC_WARN_UNUSED_VARIABLE = YES;
				IPHONEOS_DEPLOYMENT_TARGET = 10.3;
				MTL_ENABLE_DEBUG_INFO = NO;
				SDKROOT = iphoneos;
				TARGETED_DEVICE_FAMILY = "1,2";
				VALIDATE_PRODUCT = YES;
			};
			name = Release;
		};
		E06996651F4E62DF00CE9019 /* Debug */ = {
			isa = XCBuildConfiguration;
			baseConfigurationReference = 1D27AC010885E5D05FB11A53 /* Pods-HappyNiuniuProject.debug.xcconfig */;
			buildSettings = {
				ASSETCATALOG_COMPILER_APPICON_NAME = AppIcon;
				ASSETCATALOG_COMPILER_LAUNCHIMAGE_NAME = LaunchImage;
				DEVELOPMENT_TEAM = YD2NR56P4A;
				GCC_PREFIX_HEADER = "/Users/kuangbiao0125/kuangbiao/serect project/NiuNiu/HappyNiuniuProject/HappyNiuniuProject/PrefixHeader.pch";
				INFOPLIST_FILE = HappyNiuniuProject/Info.plist;
				IPHONEOS_DEPLOYMENT_TARGET = 8.2;
				LD_RUNPATH_SEARCH_PATHS = "$(inherited) @executable_path/Frameworks";
				PRODUCT_BUNDLE_IDENTIFIER = com.kuangbiao.cn.HappyNiuniuProject;
				PRODUCT_NAME = "$(TARGET_NAME)";
				TARGETED_DEVICE_FAMILY = 1;
			};
			name = Debug;
		};
		E06996661F4E62DF00CE9019 /* Release */ = {
			isa = XCBuildConfiguration;
			baseConfigurationReference = 3D0D34EE214DF520276C125A /* Pods-HappyNiuniuProject.release.xcconfig */;
			buildSettings = {
				ASSETCATALOG_COMPILER_APPICON_NAME = AppIcon;
				ASSETCATALOG_COMPILER_LAUNCHIMAGE_NAME = LaunchImage;
				DEVELOPMENT_TEAM = YD2NR56P4A;
				GCC_PREFIX_HEADER = "/Users/kuangbiao0125/kuangbiao/serect project/NiuNiu/HappyNiuniuProject/HappyNiuniuProject/PrefixHeader.pch";
				INFOPLIST_FILE = HappyNiuniuProject/Info.plist;
				IPHONEOS_DEPLOYMENT_TARGET = 8.2;
				LD_RUNPATH_SEARCH_PATHS = "$(inherited) @executable_path/Frameworks";
				PRODUCT_BUNDLE_IDENTIFIER = com.kuangbiao.cn.HappyNiuniuProject;
				PRODUCT_NAME = "$(TARGET_NAME)";
				TARGETED_DEVICE_FAMILY = 1;
			};
			name = Release;
		};
/* End XCBuildConfiguration section */

/* Begin XCConfigurationList section */
		E06996481F4E62DF00CE9019 /* Build configuration list for PBXProject "HappyNiuniuProject" */ = {
			isa = XCConfigurationList;
			buildConfigurations = (
				E06996621F4E62DF00CE9019 /* Debug */,
				E06996631F4E62DF00CE9019 /* Release */,
			);
			defaultConfigurationIsVisible = 0;
			defaultConfigurationName = Release;
		};
		E06996641F4E62DF00CE9019 /* Build configuration list for PBXNativeTarget "HappyNiuniuProject" */ = {
			isa = XCConfigurationList;
			buildConfigurations = (
				E06996651F4E62DF00CE9019 /* Debug */,
				E06996661F4E62DF00CE9019 /* Release */,
			);
			defaultConfigurationIsVisible = 0;
			defaultConfigurationName = Release;
		};
/* End XCConfigurationList section */
	};
	rootObject = E06996451F4E62DF00CE9019 /* Project object */;
}
